
Microsoft Visual Studio Solution File, Format Version 12.00
# Visual Studio Version 16
VisualStudioVersion = 16.0.30128.74
MinimumVisualStudioVersion = 10.0.40219.1
Project("{2150E333-8FDC-42A3-9474-1A3956D46DE8}") = "ex001", "ex001", "{5DAD712F-F7A8-442D-8B99-5055CA77BAD0}"
	ProjectSection(SolutionItems) = preProject
		compilar_manualmente.txt = compilar_manualmente.txt
	EndProjectSection
EndProject
Project("{2150E333-8FDC-42A3-9474-1A3956D46DE8}") = "ex002", "ex002", "{72A1AB07-29B8-4946-83F8-5470479F56BC}"
EndProject
Project("{FAE04EC0-301F-11D3-BF4B-00C04F79EFBC}") = "FluxoPrograma", "FluxoPrograma\FluxoPrograma.csproj", "{589C100E-A310-4A32-9034-4B77FF377A7F}"
EndProject
Project("{2150E333-8FDC-42A3-9474-1A3956D46DE8}") = "ex003", "ex003", "{86FBFA50-40AA-428A-9661-8A150965CBC2}"
EndProject
Project("{FAE04EC0-301F-11D3-BF4B-00C04F79EFBC}") = "expressoes_operadores", "expressoes_operadores\expressoes_operadores.csproj", "{9164F80D-30A2-4417-A2AF-DA907FA07B23}"
EndProject
Project("{FAE04EC0-301F-11D3-BF4B-00C04F79EFBC}") = "Variaveis_funcoes", "Variaveis_funcoes\Variaveis_funcoes.csproj", "{908C11F3-221E-428B-B412-DDE93B270316}"
EndProject
Project("{2150E333-8FDC-42A3-9474-1A3956D46DE8}") = "ex004", "ex004", "{C1BD223C-4ED7-4FB9-9065-B576064883EE}"
EndProject
Project("{2150E333-8FDC-42A3-9474-1A3956D46DE8}") = "ex005", "ex005", "{8A705B6D-03C7-4161-969C-CF54D829A270}"
EndProject
Project("{FAE04EC0-301F-11D3-BF4B-00C04F79EFBC}") = "Operadores", "OperadorTenario\Operadores.csproj", "{F170556D-4EEE-4623-A960-1E0363CD5AD9}"
EndProject
Project("{2150E333-8FDC-42A3-9474-1A3956D46DE8}") = "ex006", "ex006", "{CB4AF827-61A7-43F8-B297-376810751DF9}"
EndProject
Project("{FAE04EC0-301F-11D3-BF4B-00C04F79EFBC}") = "instrucaoIF", "instrucaoIF\instrucaoIF.csproj", "{6AACC50B-1599-4997-A351-2EAF61A99CD6}"
EndProject
Project("{2150E333-8FDC-42A3-9474-1A3956D46DE8}") = "ex007", "ex007", "{8A190F97-6C55-4C67-9B31-9BBD177A025C}"
EndProject
Project("{FAE04EC0-301F-11D3-BF4B-00C04F79EFBC}") = "intrucaoSwitch", "intrucaoSwitch\intrucaoSwitch.csproj", "{D07B4B8C-E850-4E24-93FB-DE3868D4AAAB}"
EndProject
Project("{2150E333-8FDC-42A3-9474-1A3956D46DE8}") = "ex008", "ex008", "{59E6F805-2E0B-468A-B6E2-9C001A986FBA}"
EndProject
Project("{FAE04EC0-301F-11D3-BF4B-00C04F79EFBC}") = "instrucaoLoops", "instrucaoLoops\instrucaoLoops.csproj", "{C1BAC472-A9A3-4271-A8EE-A22A3472DECD}"
EndProject
Project("{2150E333-8FDC-42A3-9474-1A3956D46DE8}") = "ex009", "ex009", "{2EABDB45-4894-4093-A759-B0DCD49FC1BD}"
EndProject
Project("{2150E333-8FDC-42A3-9474-1A3956D46DE8}") = "Aula01", "Aula01", "{3F1D0AB5-A5F5-45F7-B7BC-A4F92EB5E45F}"
EndProject
Project("{2150E333-8FDC-42A3-9474-1A3956D46DE8}") = "Aula02", "Aula02", "{7FE28255-0503-43F7-985A-81BCDF7D3DA4}"
	ProjectSection(SolutionItems) = preProject
		..\..\..\Twitch\Stack_heap.jpg = ..\..\..\Twitch\Stack_heap.jpg
	EndProjectSection
EndProject
Project("{FAE04EC0-301F-11D3-BF4B-00C04F79EFBC}") = "entendendoTiposPorValor", "entendendoTiposPorValor\entendendoTiposPorValor.csproj", "{B9EF3528-38FA-48B7-A741-494AD8BF8277}"
EndProject
Project("{2150E333-8FDC-42A3-9474-1A3956D46DE8}") = "ex010", "ex010", "{A59222F2-70C2-424F-B908-4F6E4583109B}"
EndProject
Project("{FAE04EC0-301F-11D3-BF4B-00C04F79EFBC}") = "explicandoStructs", "explicandoStructs\explicandoStructs.csproj", "{563462FA-0AE5-48BF-B836-DA00DD7F0332}"
EndProject
Project("{FAE04EC0-301F-11D3-BF4B-00C04F79EFBC}") = "structEClasseNaMemoria", "structEClasse\structEClasseNaMemoria.csproj", "{DF9268C5-4573-4572-B4C0-334602F9A6BC}"
EndProject
Project("{2150E333-8FDC-42A3-9474-1A3956D46DE8}") = "ex011", "ex011", "{134521AE-50BF-4E70-ACA2-6A4A654305D2}"
EndProject
Project("{FAE04EC0-301F-11D3-BF4B-00C04F79EFBC}") = "enumeracao", "enumeracao\enumeracao.csproj", "{D0F47648-E3F5-494E-B51D-B353926D70F6}"
EndProject
Project("{2150E333-8FDC-42A3-9474-1A3956D46DE8}") = "ex012", "ex012", "{F6D10466-5116-47FA-8673-81801969AE73}"
EndProject
Project("{FAE04EC0-301F-11D3-BF4B-00C04F79EFBC}") = "ReferenceType", "ReferenceType\ReferenceType.csproj", "{60317133-50B6-495B-A132-840E810E0203}"
EndProject
Project("{2150E333-8FDC-42A3-9474-1A3956D46DE8}") = "ex013", "ex013", "{CBE45011-BF01-496B-A021-0AC35F4462DB}"
EndProject
Project("{2150E333-8FDC-42A3-9474-1A3956D46DE8}") = "ex014", "ex014", "{3F83BCA7-B7DB-44B0-A20A-A75AFE69BFC4}"
EndProject
Project("{FAE04EC0-301F-11D3-BF4B-00C04F79EFBC}") = "utilizandoClasses", "utilizandoClasses\utilizandoClasses.csproj", "{B7E744F4-DB00-4D52-8AB3-1D3308AF7760}"
EndProject
Project("{2150E333-8FDC-42A3-9474-1A3956D46DE8}") = "ex015", "ex015", "{11800278-0529-4821-B056-D8975AAE7BF2}"
EndProject
Project("{FAE04EC0-301F-11D3-BF4B-00C04F79EFBC}") = "poo", "poo\poo.csproj", "{65A29259-842A-4B64-8D6C-C38898C79AB2}"
EndProject
Project("{2150E333-8FDC-42A3-9474-1A3956D46DE8}") = "ex016", "ex016", "{E109D2E7-82FA-436F-88CE-6E6B5DFB02A4}"
EndProject
Project("{FAE04EC0-301F-11D3-BF4B-00C04F79EFBC}") = "metodoDeExtensao", "extensionsMetodos\metodoDeExtensao.csproj", "{24AEF130-B558-4372-8B5F-A448491656CC}"
EndProject
Project("{2150E333-8FDC-42A3-9474-1A3956D46DE8}") = "ex017", "ex017", "{3D25C621-04CB-443E-9966-4340B24B2025}"
EndProject
Project("{FAE04EC0-301F-11D3-BF4B-00C04F79EFBC}") = "parametrosNomeados", "parametrosNomeados\parametrosNomeados.csproj", "{F88AADFA-CF07-4DAB-A949-9758D81A405A}"
EndProject
Project("{2150E333-8FDC-42A3-9474-1A3956D46DE8}") = "ex018", "ex018", "{6316A08A-EFB7-4CC9-8542-D8A7D2EC590B}"
EndProject
Project("{FAE04EC0-301F-11D3-BF4B-00C04F79EFBC}") = "propriedades", "propriedades\propriedades.csproj", "{00952F60-D8D8-4281-BF49-D9951DEB6B34}"
EndProject
Project("{2150E333-8FDC-42A3-9474-1A3956D46DE8}") = "ex019", "ex019", "{C4216E60-884F-4939-9F9C-53F29D970DB7}"
EndProject
Project("{FAE04EC0-301F-11D3-BF4B-00C04F79EFBC}") = "propriedadeIndexada", "propriedadeIndexada\propriedadeIndexada.csproj", "{DAC06B82-5267-434B-9442-A6A3D4161F9B}"
EndProject
Project("{FAE04EC0-301F-11D3-BF4B-00C04F79EFBC}") = "TiposGenericos", "TiposGenericos\TiposGenericos.csproj", "{823C3CDF-FCB5-4051-A3C5-8EB376B3F869}"
EndProject
Project("{2150E333-8FDC-42A3-9474-1A3956D46DE8}") = "ex020", "ex020", "{3B16C5F8-8635-4DDF-B5AD-7726F9BD6854}"
EndProject
Project("{2150E333-8FDC-42A3-9474-1A3956D46DE8}") = "Aula03", "Aula03", "{A6D30D42-7820-452E-8B50-47E27DB2D1DC}"
EndProject
Project("{FAE04EC0-301F-11D3-BF4B-00C04F79EFBC}") = "modificadores", "modificadores\modificadores.csproj", "{8B231E79-A8C5-437A-AF66-F19C1D026CC4}"
EndProject
Project("{FAE04EC0-301F-11D3-BF4B-00C04F79EFBC}") = "classes", "classes\classes.csproj", "{6A57753B-875B-4314-8B99-9D5F4AFB2449}"
EndProject
Project("{2150E333-8FDC-42A3-9474-1A3956D46DE8}") = "ex021", "ex021", "{89EC6E0F-2167-4149-8582-BA5DEA54C689}"
EndProject
Project("{2150E333-8FDC-42A3-9474-1A3956D46DE8}") = "ex023", "ex023", "{C4DA1173-9AD6-4845-9FDE-35A5DB6AFD95}"
EndProject
Project("{FAE04EC0-301F-11D3-BF4B-00C04F79EFBC}") = "conversoes", "conversoes\conversoes.csproj", "{F3EE6E0B-29DD-4644-9315-A39E51F392BA}"
EndProject
Project("{2150E333-8FDC-42A3-9474-1A3956D46DE8}") = "ex024", "ex024", "{2EE0D7DB-9F9F-4A00-ACC8-5F295EBFCDEE}"
EndProject
Project("{FAE04EC0-301F-11D3-BF4B-00C04F79EFBC}") = "conversaoReferenceType", "conversaoReferenceType\conversaoReferenceType.csproj", "{33DEFFA0-DEBA-41B6-8654-9DA8A9DA78EE}"
EndProject
Project("{2150E333-8FDC-42A3-9474-1A3956D46DE8}") = "ex025", "ex025", "{EF2B0521-D500-4EBE-A1C5-99EE4D98C14E}"
EndProject
Project("{FAE04EC0-301F-11D3-BF4B-00C04F79EFBC}") = "convertendoValores", "convertendoValores\convertendoValores.csproj", "{C4ACF94E-3799-4923-AD18-28FA40F66BF3}"
EndProject
Project("{2150E333-8FDC-42A3-9474-1A3956D46DE8}") = "ex026", "ex026", "{1561B872-1E01-48AC-A5D3-5868C1032C06}"
EndProject
Project("{FAE04EC0-301F-11D3-BF4B-00C04F79EFBC}") = "conversaoData", "conversaoData\conversaoData.csproj", "{0ADBB397-E48F-4F7B-9607-F54762F36C05}"
EndProject
Project("{2150E333-8FDC-42A3-9474-1A3956D46DE8}") = "ex027", "ex027", "{030C63AC-4F8B-43DB-953A-FC1D8DFE7EA3}"
EndProject
Project("{FAE04EC0-301F-11D3-BF4B-00C04F79EFBC}") = "conversaoDecimal", "conversaoDecimal\conversaoDecimal.csproj", "{B4CF443E-08FF-48F1-977B-C603233E294E}"
EndProject
Project("{2150E333-8FDC-42A3-9474-1A3956D46DE8}") = "ex028", "ex028", "{D730E4CC-AE08-49E2-82D8-3512BE9264EB}"
EndProject
Project("{FAE04EC0-301F-11D3-BF4B-00C04F79EFBC}") = "usandoConvert", "usandoConvert\usandoConvert.csproj", "{F090408A-BFB7-4CE1-A20A-16A6712F3100}"
EndProject
Project("{2150E333-8FDC-42A3-9474-1A3956D46DE8}") = "ex029", "ex029", "{A7E9439D-4A1E-4A80-8B2D-B3B92E056B0D}"
EndProject
Project("{FAE04EC0-301F-11D3-BF4B-00C04F79EFBC}") = "cuidadosConversao", "cuidadosConversao\cuidadosConversao.csproj", "{CE078A3D-6862-4CCB-AF70-2353CAF09825}"
EndProject
Project("{2150E333-8FDC-42A3-9474-1A3956D46DE8}") = "ex030", "ex030", "{3A8833F4-A2DA-4A09-8193-47B4E6A685A0}"
EndProject
Project("{FAE04EC0-301F-11D3-BF4B-00C04F79EFBC}") = "boxxinUnboxing", "boxxinUnboxing\boxxinUnboxing.csproj", "{4002FB4B-E577-4CEE-B075-5194676C2C87}"
EndProject
Project("{2150E333-8FDC-42A3-9474-1A3956D46DE8}") = "ex031", "ex031", "{4442A57C-F159-4545-9B00-E84750211256}"
EndProject
Project("{FAE04EC0-301F-11D3-BF4B-00C04F79EFBC}") = "ExemplopInvoke", "ExemplopInvoke\ExemplopInvoke.csproj", "{A53CCDB5-0D07-4100-A14C-7A2856E2BA7A}"
EndProject
Project("{2150E333-8FDC-42A3-9474-1A3956D46DE8}") = "ex032", "ex032", "{F33255F1-CBF9-4A4F-9CE4-CDF7195E542A}"
EndProject
Project("{FAE04EC0-301F-11D3-BF4B-00C04F79EFBC}") = "tipoDinamico", "tipoDinamico\tipoDinamico.csproj", "{075792C8-5A2E-4E3B-B20E-5C140E8CF121}"
EndProject
Project("{2150E333-8FDC-42A3-9474-1A3956D46DE8}") = "ex033", "ex033", "{7523F826-70D6-48D6-918D-A92C8F04481B}"
EndProject
Project("{FAE04EC0-301F-11D3-BF4B-00C04F79EFBC}") = "stringVsString", "stringVsString\stringVsString.csproj", "{7645BF67-6B80-4EB5-B48F-BEDB5AB9D5BB}"
EndProject
Project("{2150E333-8FDC-42A3-9474-1A3956D46DE8}") = "ex034", "ex034", "{C858705E-46E3-4B61-87D8-F9D82EED534D}"
EndProject
Project("{FAE04EC0-301F-11D3-BF4B-00C04F79EFBC}") = "ManipulandoComStringBuilder", "ManipulandoComStringBuilder\ManipulandoComStringBuilder.csproj", "{1C3EB8D4-736A-445E-BFD9-A1A24032F51A}"
EndProject
Project("{2150E333-8FDC-42A3-9474-1A3956D46DE8}") = "ex035", "ex035", "{B75F5111-02C1-4544-AD90-F1304804CAE2}"
EndProject
Project("{FAE04EC0-301F-11D3-BF4B-00C04F79EFBC}") = "manipulandocomstringbuilder2", "manipulandocomstringbuilder2\manipulandocomstringbuilder2.csproj", "{2B53641D-C8FD-4478-B65D-78180425BDB2}"
EndProject
Project("{2150E333-8FDC-42A3-9474-1A3956D46DE8}") = "ex036", "ex036", "{0603A036-EA5B-4A7E-BC6E-4EFDEC1E759C}"
EndProject
Project("{FAE04EC0-301F-11D3-BF4B-00C04F79EFBC}") = "ObjectTostring", "ObjectTostring\ObjectTostring.csproj", "{C29E8BF6-DA3E-4F32-A4F2-EC8BA3349FE9}"
EndProject
Project("{2150E333-8FDC-42A3-9474-1A3956D46DE8}") = "ex037", "ex037", "{78D3CBB4-403A-46E7-9DAC-C21DB758CB2E}"
EndProject
Project("{FAE04EC0-301F-11D3-BF4B-00C04F79EFBC}") = "StringFormat", "StringFormat\StringFormat.csproj", "{B21391BD-08DF-4FD7-A942-0EFD88253D79}"
EndProject
Project("{2150E333-8FDC-42A3-9474-1A3956D46DE8}") = "Aula04", "Aula04", "{03F09B8B-1E46-46AE-9CC2-28EC2AFF94DF}"
EndProject
Project("{2150E333-8FDC-42A3-9474-1A3956D46DE8}") = "ex037", "ex037", "{D44F39C5-300D-4FC1-8674-0296AC548CED}"
EndProject
Project("{FAE04EC0-301F-11D3-BF4B-00C04F79EFBC}") = "HerdandoDeUmaClasseBase", "HerdandoDeUmaClasseBase\HerdandoDeUmaClasseBase.csproj", "{C4F7E733-503F-443C-A4B5-9EE3128DE177}"
EndProject
Project("{FAE04EC0-301F-11D3-BF4B-00C04F79EFBC}") = "ThisEBase", "ThisEBase\ThisEBase.csproj", "{2483FDE1-1DEC-44AA-AC97-21667C307DB1}"
EndProject
Project("{2150E333-8FDC-42A3-9474-1A3956D46DE8}") = "ex038", "ex038", "{3442A39A-9AEC-4A53-9BA6-D84ED64B76E6}"
	ProjectSection(SolutionItems) = preProject
		..\..\..\..\Users\Usuario\Desktop\ClasseHeranca.jpg = ..\..\..\..\Users\Usuario\Desktop\ClasseHeranca.jpg
	EndProjectSection
EndProject
Project("{2150E333-8FDC-42A3-9474-1A3956D46DE8}") = "ex039", "ex039", "{36C930CA-BAE4-4F7A-9972-8356439D45BC}"
	ProjectSection(SolutionItems) = preProject
		..\..\..\..\Users\Usuario\Desktop\ClasseHerancaErrada.jpg = ..\..\..\..\Users\Usuario\Desktop\ClasseHerancaErrada.jpg
	EndProjectSection
EndProject
Project("{2150E333-8FDC-42A3-9474-1A3956D46DE8}") = "ex040", "ex040", "{E5950E61-BBCD-4237-982B-917F8D6C0AC1}"
EndProject
Project("{FAE04EC0-301F-11D3-BF4B-00C04F79EFBC}") = "CriandoInterface", "CriandoInterface\CriandoInterface.csproj", "{8993FBA9-4F43-45EC-8198-C4B4B754D269}"
EndProject
Project("{2150E333-8FDC-42A3-9474-1A3956D46DE8}") = "ex041", "ex041", "{202F2102-2D23-4D7A-A25E-194221870D7D}"
EndProject
Project("{FAE04EC0-301F-11D3-BF4B-00C04F79EFBC}") = "ImplementandoIComparable", "ImplementandoIComparable\ImplementandoIComparable.csproj", "{5FC4BBC9-91CC-4EEE-9966-98154417A1F5}"
EndProject
Project("{FAE04EC0-301F-11D3-BF4B-00C04F79EFBC}") = "ConsumindoAClasseCarro", "ConsumindoAClasseCarro\ConsumindoAClasseCarro.csproj", "{D81C8A13-76F3-47DF-B199-C7466B121E9C}"
EndProject
Project("{2150E333-8FDC-42A3-9474-1A3956D46DE8}") = "ex042", "ex042", "{C0300054-FE80-4E5D-94E6-460C81373F89}"
EndProject
Project("{FAE04EC0-301F-11D3-BF4B-00C04F79EFBC}") = "ExemploIComparer", "ExemploIComparer\ExemploIComparer.csproj", "{8A96A2EB-5E9B-44EE-945A-77FDDD13B802}"
EndProject
Project("{2150E333-8FDC-42A3-9474-1A3956D46DE8}") = "ex043", "ex043", "{AC3AD2AB-B2A8-4324-A8A8-0FAD0EB8B44C}"
EndProject
Project("{FAE04EC0-301F-11D3-BF4B-00C04F79EFBC}") = "ExemploIEquatable", "ExemploIEquatable\ExemploIEquatable.csproj", "{9DC305F4-6D17-4666-9234-F860FD0487F5}"
EndProject
Project("{2150E333-8FDC-42A3-9474-1A3956D46DE8}") = "ex044", "ex044", "{A532C181-B510-48F4-A82B-6C1AE316C754}"
EndProject
Project("{FAE04EC0-301F-11D3-BF4B-00C04F79EFBC}") = "ExemploClonable", "ExemploClonable\ExemploClonable.csproj", "{1208ADF0-3EFD-4420-971E-15627B47E3EF}"
EndProject
Project("{2150E333-8FDC-42A3-9474-1A3956D46DE8}") = "ex045", "ex045", "{A82C27E0-A4EF-4044-BCAC-AB9636E5FED4}"
EndProject
Project("{FAE04EC0-301F-11D3-BF4B-00C04F79EFBC}") = "ExemploIEnumerator", "ExemploIEnumerator\ExemploIEnumerator.csproj", "{FA285829-F58C-4ADB-A0A7-3C6C239C3690}"
EndProject
Project("{2150E333-8FDC-42A3-9474-1A3956D46DE8}") = "ex046", "ex046", "{645BF724-AC95-48CC-B3C4-10DE19554456}"
EndProject
Project("{FAE04EC0-301F-11D3-BF4B-00C04F79EFBC}") = "ExemploYeld", "ExemploYeld\ExemploYeld.csproj", "{F4A1CCBB-0D91-4746-9EB4-68C49C11EDC2}"
EndProject
Project("{2150E333-8FDC-42A3-9474-1A3956D46DE8}") = "ex047", "ex047", "{64C3350C-7FBD-49A7-9D24-D86A86DFCD9E}"
EndProject
Project("{FAE04EC0-301F-11D3-BF4B-00C04F79EFBC}") = "RemovendoRecursosNaMemoria", "RemovendoRecursosNaMemoria\RemovendoRecursosNaMemoria.csproj", "{EAD09FA9-FC3E-49CF-8B2F-BD5E1192F0EC}"
EndProject
Project("{FAE04EC0-301F-11D3-BF4B-00C04F79EFBC}") = "RemovendoRecursoNaoGerenciado", "RemovendoRecursoNaoGerenciado\RemovendoRecursoNaoGerenciado.csproj", "{4B9CC6BE-A80B-4E98-9056-3416DDBB108B}"
EndProject
Project("{2150E333-8FDC-42A3-9474-1A3956D46DE8}") = "ex048", "ex048", "{2AC44EDE-AA5D-4F67-82BE-91444216C181}"
EndProject
Project("{9A19103F-16F7-4668-BE54-9A1E7A4F7556}") = "testeInterfaceComMetodo", "testeInterfaceComMetodo\testeInterfaceComMetodo.csproj", "{864F23DC-02EB-47EA-9A01-6DBF54A9FDC2}"
EndProject
Project("{2150E333-8FDC-42A3-9474-1A3956D46DE8}") = "Aula05", "Aula05", "{8D8C4EF8-4539-4AFB-894D-A09F6CD35064}"
EndProject
Project("{FAE04EC0-301F-11D3-BF4B-00C04F79EFBC}") = "apresentandoDelegates", "apresentandoDelegates\apresentandoDelegates.csproj", "{EA5EC6E2-BDA6-4D70-A0EF-4D438BEC1F9F}"
EndProject
Project("{2150E333-8FDC-42A3-9474-1A3956D46DE8}") = "ex049", "ex049", "{227FABAA-03A8-4C6E-A085-EE0308EB8C64}"
EndProject
Project("{2150E333-8FDC-42A3-9474-1A3956D46DE8}") = "ex050", "ex050", "{286B1FBE-B94D-4ACD-BC54-D02C02F71AF8}"
EndProject
Project("{FAE04EC0-301F-11D3-BF4B-00C04F79EFBC}") = "DelegateMetodoStaticEInstanciado", "DelegateMetodoStaticEInstanciado\DelegateMetodoStaticEInstanciado.csproj", "{0DF495A5-468F-4F4F-8062-20726CEE8FC3}"
EndProject
Project("{2150E333-8FDC-42A3-9474-1A3956D46DE8}") = "ex051", "ex051", "{3D4EC903-5A86-40C1-AFB4-34E9F60954E7}"
EndProject
Project("{FAE04EC0-301F-11D3-BF4B-00C04F79EFBC}") = "ActionDelegate", "ActionDelegate\ActionDelegate.csproj", "{F6F2A7A9-0519-42CD-BCD3-20A18E40A438}"
EndProject
Project("{2150E333-8FDC-42A3-9474-1A3956D46DE8}") = "ex052", "ex052", "{16C905F0-3014-4AA3-9A14-496D301EBB7D}"
EndProject
Project("{FAE04EC0-301F-11D3-BF4B-00C04F79EFBC}") = "FuncDelegate", "FuncDelegate\FuncDelegate.csproj", "{E33A49E4-7453-42B1-8932-4D52F2FB215C}"
EndProject
Project("{2150E333-8FDC-42A3-9474-1A3956D46DE8}") = "ex053", "ex053", "{346BDDD3-E1DE-43E1-BAE4-7AE99A93E935}"
EndProject
Project("{FAE04EC0-301F-11D3-BF4B-00C04F79EFBC}") = "MetodoAnonimo", "MetodoAnonimo\MetodoAnonimo.csproj", "{3730F36D-A44A-4009-AF41-AF2CB0AB7170}"
EndProject
Project("{2150E333-8FDC-42A3-9474-1A3956D46DE8}") = "ex054", "ex054", "{E170149C-822B-446F-A170-A7C853FC34F8}"
EndProject
Project("{FAE04EC0-301F-11D3-BF4B-00C04F79EFBC}") = "lambdaExpressions", "lambdaExpressions\lambdaExpressions.csproj", "{566D7221-F52A-4359-9862-24152277EE36}"
EndProject
Project("{2150E333-8FDC-42A3-9474-1A3956D46DE8}") = "ex055", "ex055", "{85A1318E-EF3E-45B1-B8BE-31F297325451}"
EndProject
Project("{FAE04EC0-301F-11D3-BF4B-00C04F79EFBC}") = "Evento", "Evento\Evento.csproj", "{EC2EE69C-7FB3-400B-8662-0AB8A719CDF1}"
EndProject
Project("{2150E333-8FDC-42A3-9474-1A3956D46DE8}") = "ex056", "ex056", "{EEB4A56E-71CC-4974-BB08-36B5558444AC}"
EndProject
Project("{FAE04EC0-301F-11D3-BF4B-00C04F79EFBC}") = "EventosProblemasQueOcorrem", "EventosProblemasQueOcorrem\EventosProblemasQueOcorrem.csproj", "{543B80BE-C190-4BB0-8D6B-A2B80AFDFE3B}"
EndProject
Project("{2150E333-8FDC-42A3-9474-1A3956D46DE8}") = "ex057", "ex057", "{EFCE67D7-1303-4E78-B3C5-7F938DF8F985}"
EndProject
Project("{FAE04EC0-301F-11D3-BF4B-00C04F79EFBC}") = "ExemplosSobreErros", "ExemplosSobreErros\ExemplosSobreErros.csproj", "{C73E88BF-111F-4BDA-A273-DD1CAB337EE7}"
EndProject
Project("{2150E333-8FDC-42A3-9474-1A3956D46DE8}") = "Aula06", "Aula06", "{F0B653E1-CA72-4127-B359-090D0D072E7D}"
EndProject
Project("{2150E333-8FDC-42A3-9474-1A3956D46DE8}") = "Ex058", "Ex058", "{AAE0D15A-7991-4073-945D-A3F0D26F5AB6}"
EndProject
Project("{FAE04EC0-301F-11D3-BF4B-00C04F79EFBC}") = "IniciandoAsThreads", "IniciandoAsThreads\IniciandoAsThreads.csproj", "{B484E00D-DC46-4E1F-B63E-D066392DFE46}"
EndProject
Project("{2150E333-8FDC-42A3-9474-1A3956D46DE8}") = "ex059", "ex059", "{3B469645-029F-49C1-A7F1-DB36DAE37B5C}"
EndProject
Project("{FAE04EC0-301F-11D3-BF4B-00C04F79EFBC}") = "RodarThreadPool", "RodarThreadPool\RodarThreadPool.csproj", "{B2DBEEAA-FEF3-4ADB-A554-D1E46D0CEF20}"
EndProject
Project("{2150E333-8FDC-42A3-9474-1A3956D46DE8}") = "ex060", "ex060", "{46355529-9884-4B19-A90E-DF1C4F3F2238}"
EndProject
Project("{FAE04EC0-301F-11D3-BF4B-00C04F79EFBC}") = "ProblemasComUI", "ProblemasComUI\ProblemasComUI.csproj", "{DB1F8990-4462-4525-8410-59E2ACE50959}"
EndProject
Project("{2150E333-8FDC-42A3-9474-1A3956D46DE8}") = "ex061", "ex061", "{2FF179B2-7E10-4F8C-B783-1E04B53ACBF7}"
EndProject
Project("{FAE04EC0-301F-11D3-BF4B-00C04F79EFBC}") = "ConhecendoBackGroud", "ConhecendoBackGroud\ConhecendoBackGroud.csproj", "{8DF34F97-4583-4EBE-B83C-9C17B21C04A3}"
EndProject
Project("{2150E333-8FDC-42A3-9474-1A3956D46DE8}") = "ex062", "ex062", "{3CC9EF53-28B7-47E1-B998-DDB4469560D5}"
EndProject
Project("{FAE04EC0-301F-11D3-BF4B-00C04F79EFBC}") = "ThreadProblemas", "ThreadProblemas\ThreadProblemas.csproj", "{692B0B19-C71B-4486-ACF9-23240DB07060}"
EndProject
Project("{2150E333-8FDC-42A3-9474-1A3956D46DE8}") = "ex063", "ex063", "{AE617BAF-AE20-43D3-BD6D-A882C1C92655}"
EndProject
Project("{FAE04EC0-301F-11D3-BF4B-00C04F79EFBC}") = "WPF_E_MultiThread", "WPF_E_MultiThread\WPF_E_MultiThread.csproj", "{14E8A34B-E923-4489-B1BA-BC3DB6FF6B11}"
EndProject
Project("{2150E333-8FDC-42A3-9474-1A3956D46DE8}") = "ex064", "ex064", "{FBA0EFE1-48B6-4D07-A594-BA9B692C2B32}"
EndProject
Project("{FAE04EC0-301F-11D3-BF4B-00C04F79EFBC}") = "ApresentandoTasks", "ApresentandoTasks\ApresentandoTasks.csproj", "{96510A9B-6F36-4346-900B-83771C012897}"
EndProject
Project("{2150E333-8FDC-42A3-9474-1A3956D46DE8}") = "ex065", "ex065", "{1D4310ED-77A9-43D6-A091-7C336D2C95B4}"
EndProject
Project("{FAE04EC0-301F-11D3-BF4B-00C04F79EFBC}") = "TasksEContinue", "TasksEContinue\TasksEContinue.csproj", "{83356854-FCDA-482F-B305-D0BE127F1932}"
EndProject
Project("{2150E333-8FDC-42A3-9474-1A3956D46DE8}") = "ex066", "ex066", "{DE7B64AC-4065-4615-8C54-C2D0065BD5DF}"
EndProject
Project("{FAE04EC0-301F-11D3-BF4B-00C04F79EFBC}") = "Assincronos_Sincrono", "Assincronos_Sincrono\Assincronos_Sincrono.csproj", "{28C4431B-1084-4F5A-A4DC-DFD7A76A96C1}"
EndProject
Project("{2150E333-8FDC-42A3-9474-1A3956D46DE8}") = "ex067", "ex067", "{C4153B39-D845-4047-9182-510ACAF08104}"
EndProject
Project("{FAE04EC0-301F-11D3-BF4B-00C04F79EFBC}") = "SincronizarEvento", "SincronizarEvento\SincronizarEvento.csproj", "{0233C0C9-D6F5-4F48-AED7-D31525EA2F5F}"
EndProject
Project("{2150E333-8FDC-42A3-9474-1A3956D46DE8}") = "ex068", "ex068", "{3412F790-88C0-4B6A-92B0-D94BE46579F6}"
EndProject
Project("{FAE04EC0-301F-11D3-BF4B-00C04F79EFBC}") = "EntendendoBarrier", "EntendendoBarrier\EntendendoBarrier.csproj", "{BA57438D-3E10-4E54-97D4-AFE9B6726533}"
EndProject
Project("{2150E333-8FDC-42A3-9474-1A3956D46DE8}") = "ex069", "ex069", "{C030FCA6-3546-4680-A729-9E8525B8EB37}"
EndProject
Project("{FAE04EC0-301F-11D3-BF4B-00C04F79EFBC}") = "LockEMonitor", "LockEMonitor\LockEMonitor.csproj", "{DF0968C4-934C-4BF1-89DC-271922B03D1E}"
EndProject
Project("{2150E333-8FDC-42A3-9474-1A3956D46DE8}") = "Aula07", "Aula07", "{16A0534A-09D1-40EC-833F-33078D993760}"
EndProject
Project("{2150E333-8FDC-42A3-9474-1A3956D46DE8}") = "ex070", "ex070", "{AAA600A0-6BAC-48BD-A943-EED1725014B0}"
EndProject
Project("{FAE04EC0-301F-11D3-BF4B-00C04F79EFBC}") = "Colecoes_Array", "Colecoes_Array\Colecoes_Array.csproj", "{D5B4C317-CB59-4088-8F12-E6E536789DB8}"
EndProject
Project("{2150E333-8FDC-42A3-9474-1A3956D46DE8}") = "ex071", "ex071", "{842C8570-5DF4-421A-8F55-A4657746F14C}"
EndProject
Project("{FAE04EC0-301F-11D3-BF4B-00C04F79EFBC}") = "Colecoes", "Colecoes\Colecoes.csproj", "{5C44A0A5-DE9B-4FC9-9159-D6F65CBCD517}"
EndProject
Project("{2150E333-8FDC-42A3-9474-1A3956D46DE8}") = "ex072", "ex072", "{DA7BAFCF-82D5-4FA5-B373-38EBCCDB0858}"
EndProject
Project("{FAE04EC0-301F-11D3-BF4B-00C04F79EFBC}") = "Colecao_Generica_List", "Colecao_Generica_List\Colecao_Generica_List.csproj", "{914B9D02-3B21-43A7-8712-3C968F519D82}"
EndProject
Project("{2150E333-8FDC-42A3-9474-1A3956D46DE8}") = "ex073", "ex073", "{B1A65020-BC9B-4AA9-89D0-507A17DEFFF5}"
EndProject
Project("{2150E333-8FDC-42A3-9474-1A3956D46DE8}") = "ex074", "ex074", "{78FF1C7A-6978-4316-B5D3-7EFF90847AD8}"
EndProject
Project("{2150E333-8FDC-42A3-9474-1A3956D46DE8}") = "ex075", "ex075", "{FEBEE07C-F599-49A3-A3A3-DF6C5689E67A}"
EndProject
Project("{FAE04EC0-301F-11D3-BF4B-00C04F79EFBC}") = "exemploQueue", "exemploQueue\exemploQueue.csproj", "{C4CA7CB9-5E14-4097-9C4D-C469A08B4734}"
EndProject
Project("{FAE04EC0-301F-11D3-BF4B-00C04F79EFBC}") = "exemploStack", "exemploStack\exemploStack.csproj", "{12119A05-7483-4051-9ACC-59F7E061FCBD}"
EndProject
Project("{FAE04EC0-301F-11D3-BF4B-00C04F79EFBC}") = "ExemploDictionary", "ExemploDictionary\ExemploDictionary.csproj", "{9DC7B0CE-DA6D-47BF-A104-C22C51180F8E}"
EndProject
Project("{2150E333-8FDC-42A3-9474-1A3956D46DE8}") = "Aula08", "Aula08", "{55A39C9F-F86E-4A01-8385-E9A056CF458D}"
EndProject
Project("{2150E333-8FDC-42A3-9474-1A3956D46DE8}") = "ex076", "ex076", "{AB904244-9387-445C-ADBB-26A01A8D7C0F}"
EndProject
Project("{FAE04EC0-301F-11D3-BF4B-00C04F79EFBC}") = "MexendoComDataBase", "MexendoComDataBase\MexendoComDataBase.csproj", "{42CBD5BA-5553-4058-8F06-503E5668742B}"
EndProject
Project("{2150E333-8FDC-42A3-9474-1A3956D46DE8}") = "ex077", "ex077", "{7DF111B5-F872-4273-9E5E-2C3C322242AE}"
EndProject
Project("{FAE04EC0-301F-11D3-BF4B-00C04F79EFBC}") = "EscrevendoInstrucaoNoBanco", "EscrevendoInstrucaoNoBanco\EscrevendoInstrucaoNoBanco.csproj", "{44DAE9C9-B056-4775-94A9-B5549AD171BF}"
EndProject
Project("{2150E333-8FDC-42A3-9474-1A3956D46DE8}") = "ex078", "ex078", "{E61446CC-EBBB-4822-AD02-C3E55EFA23B3}"
EndProject
Project("{FAE04EC0-301F-11D3-BF4B-00C04F79EFBC}") = "ExemploDataset", "ExemploDataset\ExemploDataset.csproj", "{023A9D08-3A3A-40A1-B109-376D75F38A0D}"
EndProject
Project("{2150E333-8FDC-42A3-9474-1A3956D46DE8}") = "ex079", "ex079", "{6242163D-30DC-460F-B024-C662F6210C8B}"
EndProject
Project("{FAE04EC0-301F-11D3-BF4B-00C04F79EFBC}") = "UsandoEntiyFrameWork", "UsandoEntiyFrameWork\UsandoEntiyFrameWork.csproj", "{0DCA9B04-B507-4BCD-926B-B2D205CE5882}"
EndProject
Global
	GlobalSection(SolutionConfigurationPlatforms) = preSolution
		Debug|Any CPU = Debug|Any CPU
		Release|Any CPU = Release|Any CPU
	EndGlobalSection
	GlobalSection(ProjectConfigurationPlatforms) = postSolution
		{589C100E-A310-4A32-9034-4B77FF377A7F}.Debug|Any CPU.ActiveCfg = Debug|Any CPU
		{589C100E-A310-4A32-9034-4B77FF377A7F}.Debug|Any CPU.Build.0 = Debug|Any CPU
		{589C100E-A310-4A32-9034-4B77FF377A7F}.Release|Any CPU.ActiveCfg = Release|Any CPU
		{589C100E-A310-4A32-9034-4B77FF377A7F}.Release|Any CPU.Build.0 = Release|Any CPU
		{9164F80D-30A2-4417-A2AF-DA907FA07B23}.Debug|Any CPU.ActiveCfg = Debug|Any CPU
		{9164F80D-30A2-4417-A2AF-DA907FA07B23}.Debug|Any CPU.Build.0 = Debug|Any CPU
		{9164F80D-30A2-4417-A2AF-DA907FA07B23}.Release|Any CPU.ActiveCfg = Release|Any CPU
		{9164F80D-30A2-4417-A2AF-DA907FA07B23}.Release|Any CPU.Build.0 = Release|Any CPU
		{908C11F3-221E-428B-B412-DDE93B270316}.Debug|Any CPU.ActiveCfg = Debug|Any CPU
		{908C11F3-221E-428B-B412-DDE93B270316}.Debug|Any CPU.Build.0 = Debug|Any CPU
		{908C11F3-221E-428B-B412-DDE93B270316}.Release|Any CPU.ActiveCfg = Release|Any CPU
		{908C11F3-221E-428B-B412-DDE93B270316}.Release|Any CPU.Build.0 = Release|Any CPU
		{F170556D-4EEE-4623-A960-1E0363CD5AD9}.Debug|Any CPU.ActiveCfg = Debug|Any CPU
		{F170556D-4EEE-4623-A960-1E0363CD5AD9}.Debug|Any CPU.Build.0 = Debug|Any CPU
		{F170556D-4EEE-4623-A960-1E0363CD5AD9}.Release|Any CPU.ActiveCfg = Release|Any CPU
		{F170556D-4EEE-4623-A960-1E0363CD5AD9}.Release|Any CPU.Build.0 = Release|Any CPU
		{6AACC50B-1599-4997-A351-2EAF61A99CD6}.Debug|Any CPU.ActiveCfg = Debug|Any CPU
		{6AACC50B-1599-4997-A351-2EAF61A99CD6}.Debug|Any CPU.Build.0 = Debug|Any CPU
		{6AACC50B-1599-4997-A351-2EAF61A99CD6}.Release|Any CPU.ActiveCfg = Release|Any CPU
		{6AACC50B-1599-4997-A351-2EAF61A99CD6}.Release|Any CPU.Build.0 = Release|Any CPU
		{D07B4B8C-E850-4E24-93FB-DE3868D4AAAB}.Debug|Any CPU.ActiveCfg = Debug|Any CPU
		{D07B4B8C-E850-4E24-93FB-DE3868D4AAAB}.Debug|Any CPU.Build.0 = Debug|Any CPU
		{D07B4B8C-E850-4E24-93FB-DE3868D4AAAB}.Release|Any CPU.ActiveCfg = Release|Any CPU
		{D07B4B8C-E850-4E24-93FB-DE3868D4AAAB}.Release|Any CPU.Build.0 = Release|Any CPU
		{C1BAC472-A9A3-4271-A8EE-A22A3472DECD}.Debug|Any CPU.ActiveCfg = Debug|Any CPU
		{C1BAC472-A9A3-4271-A8EE-A22A3472DECD}.Debug|Any CPU.Build.0 = Debug|Any CPU
		{C1BAC472-A9A3-4271-A8EE-A22A3472DECD}.Release|Any CPU.ActiveCfg = Release|Any CPU
		{C1BAC472-A9A3-4271-A8EE-A22A3472DECD}.Release|Any CPU.Build.0 = Release|Any CPU
		{B9EF3528-38FA-48B7-A741-494AD8BF8277}.Debug|Any CPU.ActiveCfg = Debug|Any CPU
		{B9EF3528-38FA-48B7-A741-494AD8BF8277}.Debug|Any CPU.Build.0 = Debug|Any CPU
		{B9EF3528-38FA-48B7-A741-494AD8BF8277}.Release|Any CPU.ActiveCfg = Release|Any CPU
		{B9EF3528-38FA-48B7-A741-494AD8BF8277}.Release|Any CPU.Build.0 = Release|Any CPU
		{563462FA-0AE5-48BF-B836-DA00DD7F0332}.Debug|Any CPU.ActiveCfg = Debug|Any CPU
		{563462FA-0AE5-48BF-B836-DA00DD7F0332}.Debug|Any CPU.Build.0 = Debug|Any CPU
		{563462FA-0AE5-48BF-B836-DA00DD7F0332}.Release|Any CPU.ActiveCfg = Release|Any CPU
		{563462FA-0AE5-48BF-B836-DA00DD7F0332}.Release|Any CPU.Build.0 = Release|Any CPU
		{DF9268C5-4573-4572-B4C0-334602F9A6BC}.Debug|Any CPU.ActiveCfg = Debug|Any CPU
		{DF9268C5-4573-4572-B4C0-334602F9A6BC}.Debug|Any CPU.Build.0 = Debug|Any CPU
		{DF9268C5-4573-4572-B4C0-334602F9A6BC}.Release|Any CPU.ActiveCfg = Release|Any CPU
		{DF9268C5-4573-4572-B4C0-334602F9A6BC}.Release|Any CPU.Build.0 = Release|Any CPU
		{D0F47648-E3F5-494E-B51D-B353926D70F6}.Debug|Any CPU.ActiveCfg = Debug|Any CPU
		{D0F47648-E3F5-494E-B51D-B353926D70F6}.Debug|Any CPU.Build.0 = Debug|Any CPU
		{D0F47648-E3F5-494E-B51D-B353926D70F6}.Release|Any CPU.ActiveCfg = Release|Any CPU
		{D0F47648-E3F5-494E-B51D-B353926D70F6}.Release|Any CPU.Build.0 = Release|Any CPU
		{60317133-50B6-495B-A132-840E810E0203}.Debug|Any CPU.ActiveCfg = Debug|Any CPU
		{60317133-50B6-495B-A132-840E810E0203}.Debug|Any CPU.Build.0 = Debug|Any CPU
		{60317133-50B6-495B-A132-840E810E0203}.Release|Any CPU.ActiveCfg = Release|Any CPU
		{60317133-50B6-495B-A132-840E810E0203}.Release|Any CPU.Build.0 = Release|Any CPU
		{B7E744F4-DB00-4D52-8AB3-1D3308AF7760}.Debug|Any CPU.ActiveCfg = Debug|Any CPU
		{B7E744F4-DB00-4D52-8AB3-1D3308AF7760}.Debug|Any CPU.Build.0 = Debug|Any CPU
		{B7E744F4-DB00-4D52-8AB3-1D3308AF7760}.Release|Any CPU.ActiveCfg = Release|Any CPU
		{B7E744F4-DB00-4D52-8AB3-1D3308AF7760}.Release|Any CPU.Build.0 = Release|Any CPU
		{65A29259-842A-4B64-8D6C-C38898C79AB2}.Debug|Any CPU.ActiveCfg = Debug|Any CPU
		{65A29259-842A-4B64-8D6C-C38898C79AB2}.Debug|Any CPU.Build.0 = Debug|Any CPU
		{65A29259-842A-4B64-8D6C-C38898C79AB2}.Release|Any CPU.ActiveCfg = Release|Any CPU
		{65A29259-842A-4B64-8D6C-C38898C79AB2}.Release|Any CPU.Build.0 = Release|Any CPU
		{24AEF130-B558-4372-8B5F-A448491656CC}.Debug|Any CPU.ActiveCfg = Debug|Any CPU
		{24AEF130-B558-4372-8B5F-A448491656CC}.Debug|Any CPU.Build.0 = Debug|Any CPU
		{24AEF130-B558-4372-8B5F-A448491656CC}.Release|Any CPU.ActiveCfg = Release|Any CPU
		{24AEF130-B558-4372-8B5F-A448491656CC}.Release|Any CPU.Build.0 = Release|Any CPU
		{F88AADFA-CF07-4DAB-A949-9758D81A405A}.Debug|Any CPU.ActiveCfg = Debug|Any CPU
		{F88AADFA-CF07-4DAB-A949-9758D81A405A}.Debug|Any CPU.Build.0 = Debug|Any CPU
		{F88AADFA-CF07-4DAB-A949-9758D81A405A}.Release|Any CPU.ActiveCfg = Release|Any CPU
		{F88AADFA-CF07-4DAB-A949-9758D81A405A}.Release|Any CPU.Build.0 = Release|Any CPU
		{00952F60-D8D8-4281-BF49-D9951DEB6B34}.Debug|Any CPU.ActiveCfg = Debug|Any CPU
		{00952F60-D8D8-4281-BF49-D9951DEB6B34}.Debug|Any CPU.Build.0 = Debug|Any CPU
		{00952F60-D8D8-4281-BF49-D9951DEB6B34}.Release|Any CPU.ActiveCfg = Release|Any CPU
		{00952F60-D8D8-4281-BF49-D9951DEB6B34}.Release|Any CPU.Build.0 = Release|Any CPU
		{DAC06B82-5267-434B-9442-A6A3D4161F9B}.Debug|Any CPU.ActiveCfg = Debug|Any CPU
		{DAC06B82-5267-434B-9442-A6A3D4161F9B}.Debug|Any CPU.Build.0 = Debug|Any CPU
		{DAC06B82-5267-434B-9442-A6A3D4161F9B}.Release|Any CPU.ActiveCfg = Release|Any CPU
		{DAC06B82-5267-434B-9442-A6A3D4161F9B}.Release|Any CPU.Build.0 = Release|Any CPU
		{823C3CDF-FCB5-4051-A3C5-8EB376B3F869}.Debug|Any CPU.ActiveCfg = Debug|Any CPU
		{823C3CDF-FCB5-4051-A3C5-8EB376B3F869}.Debug|Any CPU.Build.0 = Debug|Any CPU
		{823C3CDF-FCB5-4051-A3C5-8EB376B3F869}.Release|Any CPU.ActiveCfg = Release|Any CPU
		{823C3CDF-FCB5-4051-A3C5-8EB376B3F869}.Release|Any CPU.Build.0 = Release|Any CPU
		{8B231E79-A8C5-437A-AF66-F19C1D026CC4}.Debug|Any CPU.ActiveCfg = Debug|Any CPU
		{8B231E79-A8C5-437A-AF66-F19C1D026CC4}.Debug|Any CPU.Build.0 = Debug|Any CPU
		{8B231E79-A8C5-437A-AF66-F19C1D026CC4}.Release|Any CPU.ActiveCfg = Release|Any CPU
		{8B231E79-A8C5-437A-AF66-F19C1D026CC4}.Release|Any CPU.Build.0 = Release|Any CPU
		{6A57753B-875B-4314-8B99-9D5F4AFB2449}.Debug|Any CPU.ActiveCfg = Debug|Any CPU
		{6A57753B-875B-4314-8B99-9D5F4AFB2449}.Debug|Any CPU.Build.0 = Debug|Any CPU
		{6A57753B-875B-4314-8B99-9D5F4AFB2449}.Release|Any CPU.ActiveCfg = Release|Any CPU
		{6A57753B-875B-4314-8B99-9D5F4AFB2449}.Release|Any CPU.Build.0 = Release|Any CPU
		{F3EE6E0B-29DD-4644-9315-A39E51F392BA}.Debug|Any CPU.ActiveCfg = Debug|Any CPU
		{F3EE6E0B-29DD-4644-9315-A39E51F392BA}.Debug|Any CPU.Build.0 = Debug|Any CPU
		{F3EE6E0B-29DD-4644-9315-A39E51F392BA}.Release|Any CPU.ActiveCfg = Release|Any CPU
		{F3EE6E0B-29DD-4644-9315-A39E51F392BA}.Release|Any CPU.Build.0 = Release|Any CPU
		{33DEFFA0-DEBA-41B6-8654-9DA8A9DA78EE}.Debug|Any CPU.ActiveCfg = Debug|Any CPU
		{33DEFFA0-DEBA-41B6-8654-9DA8A9DA78EE}.Debug|Any CPU.Build.0 = Debug|Any CPU
		{33DEFFA0-DEBA-41B6-8654-9DA8A9DA78EE}.Release|Any CPU.ActiveCfg = Release|Any CPU
		{33DEFFA0-DEBA-41B6-8654-9DA8A9DA78EE}.Release|Any CPU.Build.0 = Release|Any CPU
		{C4ACF94E-3799-4923-AD18-28FA40F66BF3}.Debug|Any CPU.ActiveCfg = Debug|Any CPU
		{C4ACF94E-3799-4923-AD18-28FA40F66BF3}.Debug|Any CPU.Build.0 = Debug|Any CPU
		{C4ACF94E-3799-4923-AD18-28FA40F66BF3}.Release|Any CPU.ActiveCfg = Release|Any CPU
		{C4ACF94E-3799-4923-AD18-28FA40F66BF3}.Release|Any CPU.Build.0 = Release|Any CPU
		{0ADBB397-E48F-4F7B-9607-F54762F36C05}.Debug|Any CPU.ActiveCfg = Debug|Any CPU
		{0ADBB397-E48F-4F7B-9607-F54762F36C05}.Debug|Any CPU.Build.0 = Debug|Any CPU
		{0ADBB397-E48F-4F7B-9607-F54762F36C05}.Release|Any CPU.ActiveCfg = Release|Any CPU
		{0ADBB397-E48F-4F7B-9607-F54762F36C05}.Release|Any CPU.Build.0 = Release|Any CPU
		{B4CF443E-08FF-48F1-977B-C603233E294E}.Debug|Any CPU.ActiveCfg = Debug|Any CPU
		{B4CF443E-08FF-48F1-977B-C603233E294E}.Debug|Any CPU.Build.0 = Debug|Any CPU
		{B4CF443E-08FF-48F1-977B-C603233E294E}.Release|Any CPU.ActiveCfg = Release|Any CPU
		{B4CF443E-08FF-48F1-977B-C603233E294E}.Release|Any CPU.Build.0 = Release|Any CPU
		{F090408A-BFB7-4CE1-A20A-16A6712F3100}.Debug|Any CPU.ActiveCfg = Debug|Any CPU
		{F090408A-BFB7-4CE1-A20A-16A6712F3100}.Debug|Any CPU.Build.0 = Debug|Any CPU
		{F090408A-BFB7-4CE1-A20A-16A6712F3100}.Release|Any CPU.ActiveCfg = Release|Any CPU
		{F090408A-BFB7-4CE1-A20A-16A6712F3100}.Release|Any CPU.Build.0 = Release|Any CPU
		{CE078A3D-6862-4CCB-AF70-2353CAF09825}.Debug|Any CPU.ActiveCfg = Debug|Any CPU
		{CE078A3D-6862-4CCB-AF70-2353CAF09825}.Debug|Any CPU.Build.0 = Debug|Any CPU
		{CE078A3D-6862-4CCB-AF70-2353CAF09825}.Release|Any CPU.ActiveCfg = Release|Any CPU
		{CE078A3D-6862-4CCB-AF70-2353CAF09825}.Release|Any CPU.Build.0 = Release|Any CPU
		{4002FB4B-E577-4CEE-B075-5194676C2C87}.Debug|Any CPU.ActiveCfg = Debug|Any CPU
		{4002FB4B-E577-4CEE-B075-5194676C2C87}.Debug|Any CPU.Build.0 = Debug|Any CPU
		{4002FB4B-E577-4CEE-B075-5194676C2C87}.Release|Any CPU.ActiveCfg = Release|Any CPU
		{4002FB4B-E577-4CEE-B075-5194676C2C87}.Release|Any CPU.Build.0 = Release|Any CPU
		{A53CCDB5-0D07-4100-A14C-7A2856E2BA7A}.Debug|Any CPU.ActiveCfg = Debug|Any CPU
		{A53CCDB5-0D07-4100-A14C-7A2856E2BA7A}.Debug|Any CPU.Build.0 = Debug|Any CPU
		{A53CCDB5-0D07-4100-A14C-7A2856E2BA7A}.Release|Any CPU.ActiveCfg = Release|Any CPU
		{A53CCDB5-0D07-4100-A14C-7A2856E2BA7A}.Release|Any CPU.Build.0 = Release|Any CPU
		{075792C8-5A2E-4E3B-B20E-5C140E8CF121}.Debug|Any CPU.ActiveCfg = Debug|Any CPU
		{075792C8-5A2E-4E3B-B20E-5C140E8CF121}.Debug|Any CPU.Build.0 = Debug|Any CPU
		{075792C8-5A2E-4E3B-B20E-5C140E8CF121}.Release|Any CPU.ActiveCfg = Release|Any CPU
		{075792C8-5A2E-4E3B-B20E-5C140E8CF121}.Release|Any CPU.Build.0 = Release|Any CPU
		{7645BF67-6B80-4EB5-B48F-BEDB5AB9D5BB}.Debug|Any CPU.ActiveCfg = Debug|Any CPU
		{7645BF67-6B80-4EB5-B48F-BEDB5AB9D5BB}.Debug|Any CPU.Build.0 = Debug|Any CPU
		{7645BF67-6B80-4EB5-B48F-BEDB5AB9D5BB}.Release|Any CPU.ActiveCfg = Release|Any CPU
		{7645BF67-6B80-4EB5-B48F-BEDB5AB9D5BB}.Release|Any CPU.Build.0 = Release|Any CPU
		{1C3EB8D4-736A-445E-BFD9-A1A24032F51A}.Debug|Any CPU.ActiveCfg = Debug|Any CPU
		{1C3EB8D4-736A-445E-BFD9-A1A24032F51A}.Debug|Any CPU.Build.0 = Debug|Any CPU
		{1C3EB8D4-736A-445E-BFD9-A1A24032F51A}.Release|Any CPU.ActiveCfg = Release|Any CPU
		{1C3EB8D4-736A-445E-BFD9-A1A24032F51A}.Release|Any CPU.Build.0 = Release|Any CPU
		{2B53641D-C8FD-4478-B65D-78180425BDB2}.Debug|Any CPU.ActiveCfg = Debug|Any CPU
		{2B53641D-C8FD-4478-B65D-78180425BDB2}.Debug|Any CPU.Build.0 = Debug|Any CPU
		{2B53641D-C8FD-4478-B65D-78180425BDB2}.Release|Any CPU.ActiveCfg = Release|Any CPU
		{2B53641D-C8FD-4478-B65D-78180425BDB2}.Release|Any CPU.Build.0 = Release|Any CPU
		{C29E8BF6-DA3E-4F32-A4F2-EC8BA3349FE9}.Debug|Any CPU.ActiveCfg = Debug|Any CPU
		{C29E8BF6-DA3E-4F32-A4F2-EC8BA3349FE9}.Debug|Any CPU.Build.0 = Debug|Any CPU
		{C29E8BF6-DA3E-4F32-A4F2-EC8BA3349FE9}.Release|Any CPU.ActiveCfg = Release|Any CPU
		{C29E8BF6-DA3E-4F32-A4F2-EC8BA3349FE9}.Release|Any CPU.Build.0 = Release|Any CPU
		{B21391BD-08DF-4FD7-A942-0EFD88253D79}.Debug|Any CPU.ActiveCfg = Debug|Any CPU
		{B21391BD-08DF-4FD7-A942-0EFD88253D79}.Debug|Any CPU.Build.0 = Debug|Any CPU
		{B21391BD-08DF-4FD7-A942-0EFD88253D79}.Release|Any CPU.ActiveCfg = Release|Any CPU
		{B21391BD-08DF-4FD7-A942-0EFD88253D79}.Release|Any CPU.Build.0 = Release|Any CPU
		{C4F7E733-503F-443C-A4B5-9EE3128DE177}.Debug|Any CPU.ActiveCfg = Debug|Any CPU
		{C4F7E733-503F-443C-A4B5-9EE3128DE177}.Debug|Any CPU.Build.0 = Debug|Any CPU
		{C4F7E733-503F-443C-A4B5-9EE3128DE177}.Release|Any CPU.ActiveCfg = Release|Any CPU
		{C4F7E733-503F-443C-A4B5-9EE3128DE177}.Release|Any CPU.Build.0 = Release|Any CPU
		{2483FDE1-1DEC-44AA-AC97-21667C307DB1}.Debug|Any CPU.ActiveCfg = Debug|Any CPU
		{2483FDE1-1DEC-44AA-AC97-21667C307DB1}.Debug|Any CPU.Build.0 = Debug|Any CPU
		{2483FDE1-1DEC-44AA-AC97-21667C307DB1}.Release|Any CPU.ActiveCfg = Release|Any CPU
		{2483FDE1-1DEC-44AA-AC97-21667C307DB1}.Release|Any CPU.Build.0 = Release|Any CPU
		{8993FBA9-4F43-45EC-8198-C4B4B754D269}.Debug|Any CPU.ActiveCfg = Debug|Any CPU
		{8993FBA9-4F43-45EC-8198-C4B4B754D269}.Debug|Any CPU.Build.0 = Debug|Any CPU
		{8993FBA9-4F43-45EC-8198-C4B4B754D269}.Release|Any CPU.ActiveCfg = Release|Any CPU
		{8993FBA9-4F43-45EC-8198-C4B4B754D269}.Release|Any CPU.Build.0 = Release|Any CPU
		{5FC4BBC9-91CC-4EEE-9966-98154417A1F5}.Debug|Any CPU.ActiveCfg = Debug|Any CPU
		{5FC4BBC9-91CC-4EEE-9966-98154417A1F5}.Debug|Any CPU.Build.0 = Debug|Any CPU
		{5FC4BBC9-91CC-4EEE-9966-98154417A1F5}.Release|Any CPU.ActiveCfg = Release|Any CPU
		{5FC4BBC9-91CC-4EEE-9966-98154417A1F5}.Release|Any CPU.Build.0 = Release|Any CPU
		{D81C8A13-76F3-47DF-B199-C7466B121E9C}.Debug|Any CPU.ActiveCfg = Debug|Any CPU
		{D81C8A13-76F3-47DF-B199-C7466B121E9C}.Debug|Any CPU.Build.0 = Debug|Any CPU
		{D81C8A13-76F3-47DF-B199-C7466B121E9C}.Release|Any CPU.ActiveCfg = Release|Any CPU
		{D81C8A13-76F3-47DF-B199-C7466B121E9C}.Release|Any CPU.Build.0 = Release|Any CPU
		{8A96A2EB-5E9B-44EE-945A-77FDDD13B802}.Debug|Any CPU.ActiveCfg = Debug|Any CPU
		{8A96A2EB-5E9B-44EE-945A-77FDDD13B802}.Debug|Any CPU.Build.0 = Debug|Any CPU
		{8A96A2EB-5E9B-44EE-945A-77FDDD13B802}.Release|Any CPU.ActiveCfg = Release|Any CPU
		{8A96A2EB-5E9B-44EE-945A-77FDDD13B802}.Release|Any CPU.Build.0 = Release|Any CPU
		{9DC305F4-6D17-4666-9234-F860FD0487F5}.Debug|Any CPU.ActiveCfg = Debug|Any CPU
		{9DC305F4-6D17-4666-9234-F860FD0487F5}.Debug|Any CPU.Build.0 = Debug|Any CPU
		{9DC305F4-6D17-4666-9234-F860FD0487F5}.Release|Any CPU.ActiveCfg = Release|Any CPU
		{9DC305F4-6D17-4666-9234-F860FD0487F5}.Release|Any CPU.Build.0 = Release|Any CPU
		{1208ADF0-3EFD-4420-971E-15627B47E3EF}.Debug|Any CPU.ActiveCfg = Debug|Any CPU
		{1208ADF0-3EFD-4420-971E-15627B47E3EF}.Debug|Any CPU.Build.0 = Debug|Any CPU
		{1208ADF0-3EFD-4420-971E-15627B47E3EF}.Release|Any CPU.ActiveCfg = Release|Any CPU
		{1208ADF0-3EFD-4420-971E-15627B47E3EF}.Release|Any CPU.Build.0 = Release|Any CPU
		{FA285829-F58C-4ADB-A0A7-3C6C239C3690}.Debug|Any CPU.ActiveCfg = Debug|Any CPU
		{FA285829-F58C-4ADB-A0A7-3C6C239C3690}.Debug|Any CPU.Build.0 = Debug|Any CPU
		{FA285829-F58C-4ADB-A0A7-3C6C239C3690}.Release|Any CPU.ActiveCfg = Release|Any CPU
		{FA285829-F58C-4ADB-A0A7-3C6C239C3690}.Release|Any CPU.Build.0 = Release|Any CPU
		{F4A1CCBB-0D91-4746-9EB4-68C49C11EDC2}.Debug|Any CPU.ActiveCfg = Debug|Any CPU
		{F4A1CCBB-0D91-4746-9EB4-68C49C11EDC2}.Debug|Any CPU.Build.0 = Debug|Any CPU
		{F4A1CCBB-0D91-4746-9EB4-68C49C11EDC2}.Release|Any CPU.ActiveCfg = Release|Any CPU
		{F4A1CCBB-0D91-4746-9EB4-68C49C11EDC2}.Release|Any CPU.Build.0 = Release|Any CPU
		{EAD09FA9-FC3E-49CF-8B2F-BD5E1192F0EC}.Debug|Any CPU.ActiveCfg = Debug|Any CPU
		{EAD09FA9-FC3E-49CF-8B2F-BD5E1192F0EC}.Debug|Any CPU.Build.0 = Debug|Any CPU
		{EAD09FA9-FC3E-49CF-8B2F-BD5E1192F0EC}.Release|Any CPU.ActiveCfg = Release|Any CPU
		{EAD09FA9-FC3E-49CF-8B2F-BD5E1192F0EC}.Release|Any CPU.Build.0 = Release|Any CPU
		{4B9CC6BE-A80B-4E98-9056-3416DDBB108B}.Debug|Any CPU.ActiveCfg = Debug|Any CPU
		{4B9CC6BE-A80B-4E98-9056-3416DDBB108B}.Debug|Any CPU.Build.0 = Debug|Any CPU
		{4B9CC6BE-A80B-4E98-9056-3416DDBB108B}.Release|Any CPU.ActiveCfg = Release|Any CPU
		{4B9CC6BE-A80B-4E98-9056-3416DDBB108B}.Release|Any CPU.Build.0 = Release|Any CPU
		{864F23DC-02EB-47EA-9A01-6DBF54A9FDC2}.Debug|Any CPU.ActiveCfg = Debug|Any CPU
		{864F23DC-02EB-47EA-9A01-6DBF54A9FDC2}.Debug|Any CPU.Build.0 = Debug|Any CPU
		{864F23DC-02EB-47EA-9A01-6DBF54A9FDC2}.Release|Any CPU.ActiveCfg = Release|Any CPU
		{864F23DC-02EB-47EA-9A01-6DBF54A9FDC2}.Release|Any CPU.Build.0 = Release|Any CPU
		{EA5EC6E2-BDA6-4D70-A0EF-4D438BEC1F9F}.Debug|Any CPU.ActiveCfg = Debug|Any CPU
		{EA5EC6E2-BDA6-4D70-A0EF-4D438BEC1F9F}.Debug|Any CPU.Build.0 = Debug|Any CPU
		{EA5EC6E2-BDA6-4D70-A0EF-4D438BEC1F9F}.Release|Any CPU.ActiveCfg = Release|Any CPU
		{EA5EC6E2-BDA6-4D70-A0EF-4D438BEC1F9F}.Release|Any CPU.Build.0 = Release|Any CPU
		{0DF495A5-468F-4F4F-8062-20726CEE8FC3}.Debug|Any CPU.ActiveCfg = Debug|Any CPU
		{0DF495A5-468F-4F4F-8062-20726CEE8FC3}.Debug|Any CPU.Build.0 = Debug|Any CPU
		{0DF495A5-468F-4F4F-8062-20726CEE8FC3}.Release|Any CPU.ActiveCfg = Release|Any CPU
		{0DF495A5-468F-4F4F-8062-20726CEE8FC3}.Release|Any CPU.Build.0 = Release|Any CPU
		{F6F2A7A9-0519-42CD-BCD3-20A18E40A438}.Debug|Any CPU.ActiveCfg = Debug|Any CPU
		{F6F2A7A9-0519-42CD-BCD3-20A18E40A438}.Debug|Any CPU.Build.0 = Debug|Any CPU
		{F6F2A7A9-0519-42CD-BCD3-20A18E40A438}.Release|Any CPU.ActiveCfg = Release|Any CPU
		{F6F2A7A9-0519-42CD-BCD3-20A18E40A438}.Release|Any CPU.Build.0 = Release|Any CPU
		{E33A49E4-7453-42B1-8932-4D52F2FB215C}.Debug|Any CPU.ActiveCfg = Debug|Any CPU
		{E33A49E4-7453-42B1-8932-4D52F2FB215C}.Debug|Any CPU.Build.0 = Debug|Any CPU
		{E33A49E4-7453-42B1-8932-4D52F2FB215C}.Release|Any CPU.ActiveCfg = Release|Any CPU
		{E33A49E4-7453-42B1-8932-4D52F2FB215C}.Release|Any CPU.Build.0 = Release|Any CPU
		{3730F36D-A44A-4009-AF41-AF2CB0AB7170}.Debug|Any CPU.ActiveCfg = Debug|Any CPU
		{3730F36D-A44A-4009-AF41-AF2CB0AB7170}.Debug|Any CPU.Build.0 = Debug|Any CPU
		{3730F36D-A44A-4009-AF41-AF2CB0AB7170}.Release|Any CPU.ActiveCfg = Release|Any CPU
		{3730F36D-A44A-4009-AF41-AF2CB0AB7170}.Release|Any CPU.Build.0 = Release|Any CPU
		{566D7221-F52A-4359-9862-24152277EE36}.Debug|Any CPU.ActiveCfg = Debug|Any CPU
		{566D7221-F52A-4359-9862-24152277EE36}.Debug|Any CPU.Build.0 = Debug|Any CPU
		{566D7221-F52A-4359-9862-24152277EE36}.Release|Any CPU.ActiveCfg = Release|Any CPU
		{566D7221-F52A-4359-9862-24152277EE36}.Release|Any CPU.Build.0 = Release|Any CPU
		{EC2EE69C-7FB3-400B-8662-0AB8A719CDF1}.Debug|Any CPU.ActiveCfg = Debug|Any CPU
		{EC2EE69C-7FB3-400B-8662-0AB8A719CDF1}.Debug|Any CPU.Build.0 = Debug|Any CPU
		{EC2EE69C-7FB3-400B-8662-0AB8A719CDF1}.Release|Any CPU.ActiveCfg = Release|Any CPU
		{EC2EE69C-7FB3-400B-8662-0AB8A719CDF1}.Release|Any CPU.Build.0 = Release|Any CPU
		{543B80BE-C190-4BB0-8D6B-A2B80AFDFE3B}.Debug|Any CPU.ActiveCfg = Debug|Any CPU
		{543B80BE-C190-4BB0-8D6B-A2B80AFDFE3B}.Debug|Any CPU.Build.0 = Debug|Any CPU
		{543B80BE-C190-4BB0-8D6B-A2B80AFDFE3B}.Release|Any CPU.ActiveCfg = Release|Any CPU
		{543B80BE-C190-4BB0-8D6B-A2B80AFDFE3B}.Release|Any CPU.Build.0 = Release|Any CPU
		{C73E88BF-111F-4BDA-A273-DD1CAB337EE7}.Debug|Any CPU.ActiveCfg = Debug|Any CPU
		{C73E88BF-111F-4BDA-A273-DD1CAB337EE7}.Debug|Any CPU.Build.0 = Debug|Any CPU
		{C73E88BF-111F-4BDA-A273-DD1CAB337EE7}.Release|Any CPU.ActiveCfg = Release|Any CPU
		{C73E88BF-111F-4BDA-A273-DD1CAB337EE7}.Release|Any CPU.Build.0 = Release|Any CPU
		{B484E00D-DC46-4E1F-B63E-D066392DFE46}.Debug|Any CPU.ActiveCfg = Debug|Any CPU
		{B484E00D-DC46-4E1F-B63E-D066392DFE46}.Debug|Any CPU.Build.0 = Debug|Any CPU
		{B484E00D-DC46-4E1F-B63E-D066392DFE46}.Release|Any CPU.ActiveCfg = Release|Any CPU
		{B484E00D-DC46-4E1F-B63E-D066392DFE46}.Release|Any CPU.Build.0 = Release|Any CPU
		{B2DBEEAA-FEF3-4ADB-A554-D1E46D0CEF20}.Debug|Any CPU.ActiveCfg = Debug|Any CPU
		{B2DBEEAA-FEF3-4ADB-A554-D1E46D0CEF20}.Debug|Any CPU.Build.0 = Debug|Any CPU
		{B2DBEEAA-FEF3-4ADB-A554-D1E46D0CEF20}.Release|Any CPU.ActiveCfg = Release|Any CPU
		{B2DBEEAA-FEF3-4ADB-A554-D1E46D0CEF20}.Release|Any CPU.Build.0 = Release|Any CPU
		{DB1F8990-4462-4525-8410-59E2ACE50959}.Debug|Any CPU.ActiveCfg = Debug|Any CPU
		{DB1F8990-4462-4525-8410-59E2ACE50959}.Debug|Any CPU.Build.0 = Debug|Any CPU
		{DB1F8990-4462-4525-8410-59E2ACE50959}.Release|Any CPU.ActiveCfg = Release|Any CPU
		{DB1F8990-4462-4525-8410-59E2ACE50959}.Release|Any CPU.Build.0 = Release|Any CPU
		{8DF34F97-4583-4EBE-B83C-9C17B21C04A3}.Debug|Any CPU.ActiveCfg = Debug|Any CPU
		{8DF34F97-4583-4EBE-B83C-9C17B21C04A3}.Debug|Any CPU.Build.0 = Debug|Any CPU
		{8DF34F97-4583-4EBE-B83C-9C17B21C04A3}.Release|Any CPU.ActiveCfg = Release|Any CPU
		{8DF34F97-4583-4EBE-B83C-9C17B21C04A3}.Release|Any CPU.Build.0 = Release|Any CPU
		{692B0B19-C71B-4486-ACF9-23240DB07060}.Debug|Any CPU.ActiveCfg = Debug|Any CPU
		{692B0B19-C71B-4486-ACF9-23240DB07060}.Debug|Any CPU.Build.0 = Debug|Any CPU
		{692B0B19-C71B-4486-ACF9-23240DB07060}.Release|Any CPU.ActiveCfg = Release|Any CPU
		{692B0B19-C71B-4486-ACF9-23240DB07060}.Release|Any CPU.Build.0 = Release|Any CPU
		{14E8A34B-E923-4489-B1BA-BC3DB6FF6B11}.Debug|Any CPU.ActiveCfg = Debug|Any CPU
		{14E8A34B-E923-4489-B1BA-BC3DB6FF6B11}.Debug|Any CPU.Build.0 = Debug|Any CPU
		{14E8A34B-E923-4489-B1BA-BC3DB6FF6B11}.Release|Any CPU.ActiveCfg = Release|Any CPU
		{14E8A34B-E923-4489-B1BA-BC3DB6FF6B11}.Release|Any CPU.Build.0 = Release|Any CPU
		{96510A9B-6F36-4346-900B-83771C012897}.Debug|Any CPU.ActiveCfg = Debug|Any CPU
		{96510A9B-6F36-4346-900B-83771C012897}.Debug|Any CPU.Build.0 = Debug|Any CPU
		{96510A9B-6F36-4346-900B-83771C012897}.Release|Any CPU.ActiveCfg = Release|Any CPU
		{96510A9B-6F36-4346-900B-83771C012897}.Release|Any CPU.Build.0 = Release|Any CPU
		{83356854-FCDA-482F-B305-D0BE127F1932}.Debug|Any CPU.ActiveCfg = Debug|Any CPU
		{83356854-FCDA-482F-B305-D0BE127F1932}.Debug|Any CPU.Build.0 = Debug|Any CPU
		{83356854-FCDA-482F-B305-D0BE127F1932}.Release|Any CPU.ActiveCfg = Release|Any CPU
		{83356854-FCDA-482F-B305-D0BE127F1932}.Release|Any CPU.Build.0 = Release|Any CPU
		{28C4431B-1084-4F5A-A4DC-DFD7A76A96C1}.Debug|Any CPU.ActiveCfg = Debug|Any CPU
		{28C4431B-1084-4F5A-A4DC-DFD7A76A96C1}.Debug|Any CPU.Build.0 = Debug|Any CPU
		{28C4431B-1084-4F5A-A4DC-DFD7A76A96C1}.Release|Any CPU.ActiveCfg = Release|Any CPU
		{28C4431B-1084-4F5A-A4DC-DFD7A76A96C1}.Release|Any CPU.Build.0 = Release|Any CPU
		{0233C0C9-D6F5-4F48-AED7-D31525EA2F5F}.Debug|Any CPU.ActiveCfg = Debug|Any CPU
		{0233C0C9-D6F5-4F48-AED7-D31525EA2F5F}.Debug|Any CPU.Build.0 = Debug|Any CPU
		{0233C0C9-D6F5-4F48-AED7-D31525EA2F5F}.Release|Any CPU.ActiveCfg = Release|Any CPU
		{0233C0C9-D6F5-4F48-AED7-D31525EA2F5F}.Release|Any CPU.Build.0 = Release|Any CPU
		{BA57438D-3E10-4E54-97D4-AFE9B6726533}.Debug|Any CPU.ActiveCfg = Debug|Any CPU
		{BA57438D-3E10-4E54-97D4-AFE9B6726533}.Debug|Any CPU.Build.0 = Debug|Any CPU
		{BA57438D-3E10-4E54-97D4-AFE9B6726533}.Release|Any CPU.ActiveCfg = Release|Any CPU
		{BA57438D-3E10-4E54-97D4-AFE9B6726533}.Release|Any CPU.Build.0 = Release|Any CPU
		{DF0968C4-934C-4BF1-89DC-271922B03D1E}.Debug|Any CPU.ActiveCfg = Debug|Any CPU
		{DF0968C4-934C-4BF1-89DC-271922B03D1E}.Debug|Any CPU.Build.0 = Debug|Any CPU
		{DF0968C4-934C-4BF1-89DC-271922B03D1E}.Release|Any CPU.ActiveCfg = Release|Any CPU
		{DF0968C4-934C-4BF1-89DC-271922B03D1E}.Release|Any CPU.Build.0 = Release|Any CPU
		{D5B4C317-CB59-4088-8F12-E6E536789DB8}.Debug|Any CPU.ActiveCfg = Debug|Any CPU
		{D5B4C317-CB59-4088-8F12-E6E536789DB8}.Debug|Any CPU.Build.0 = Debug|Any CPU
		{D5B4C317-CB59-4088-8F12-E6E536789DB8}.Release|Any CPU.ActiveCfg = Release|Any CPU
		{D5B4C317-CB59-4088-8F12-E6E536789DB8}.Release|Any CPU.Build.0 = Release|Any CPU
		{5C44A0A5-DE9B-4FC9-9159-D6F65CBCD517}.Debug|Any CPU.ActiveCfg = Debug|Any CPU
		{5C44A0A5-DE9B-4FC9-9159-D6F65CBCD517}.Debug|Any CPU.Build.0 = Debug|Any CPU
		{5C44A0A5-DE9B-4FC9-9159-D6F65CBCD517}.Release|Any CPU.ActiveCfg = Release|Any CPU
		{5C44A0A5-DE9B-4FC9-9159-D6F65CBCD517}.Release|Any CPU.Build.0 = Release|Any CPU
		{914B9D02-3B21-43A7-8712-3C968F519D82}.Debug|Any CPU.ActiveCfg = Debug|Any CPU
		{914B9D02-3B21-43A7-8712-3C968F519D82}.Debug|Any CPU.Build.0 = Debug|Any CPU
		{914B9D02-3B21-43A7-8712-3C968F519D82}.Release|Any CPU.ActiveCfg = Release|Any CPU
		{914B9D02-3B21-43A7-8712-3C968F519D82}.Release|Any CPU.Build.0 = Release|Any CPU
		{C4CA7CB9-5E14-4097-9C4D-C469A08B4734}.Debug|Any CPU.ActiveCfg = Debug|Any CPU
		{C4CA7CB9-5E14-4097-9C4D-C469A08B4734}.Debug|Any CPU.Build.0 = Debug|Any CPU
		{C4CA7CB9-5E14-4097-9C4D-C469A08B4734}.Release|Any CPU.ActiveCfg = Release|Any CPU
		{C4CA7CB9-5E14-4097-9C4D-C469A08B4734}.Release|Any CPU.Build.0 = Release|Any CPU
		{12119A05-7483-4051-9ACC-59F7E061FCBD}.Debug|Any CPU.ActiveCfg = Debug|Any CPU
		{12119A05-7483-4051-9ACC-59F7E061FCBD}.Debug|Any CPU.Build.0 = Debug|Any CPU
		{12119A05-7483-4051-9ACC-59F7E061FCBD}.Release|Any CPU.ActiveCfg = Release|Any CPU
		{12119A05-7483-4051-9ACC-59F7E061FCBD}.Release|Any CPU.Build.0 = Release|Any CPU
		{9DC7B0CE-DA6D-47BF-A104-C22C51180F8E}.Debug|Any CPU.ActiveCfg = Debug|Any CPU
		{9DC7B0CE-DA6D-47BF-A104-C22C51180F8E}.Debug|Any CPU.Build.0 = Debug|Any CPU
		{9DC7B0CE-DA6D-47BF-A104-C22C51180F8E}.Release|Any CPU.ActiveCfg = Release|Any CPU
		{9DC7B0CE-DA6D-47BF-A104-C22C51180F8E}.Release|Any CPU.Build.0 = Release|Any CPU
		{42CBD5BA-5553-4058-8F06-503E5668742B}.Debug|Any CPU.ActiveCfg = Debug|Any CPU
		{42CBD5BA-5553-4058-8F06-503E5668742B}.Debug|Any CPU.Build.0 = Debug|Any CPU
		{42CBD5BA-5553-4058-8F06-503E5668742B}.Release|Any CPU.ActiveCfg = Release|Any CPU
		{42CBD5BA-5553-4058-8F06-503E5668742B}.Release|Any CPU.Build.0 = Release|Any CPU
		{44DAE9C9-B056-4775-94A9-B5549AD171BF}.Debug|Any CPU.ActiveCfg = Debug|Any CPU
		{44DAE9C9-B056-4775-94A9-B5549AD171BF}.Debug|Any CPU.Build.0 = Debug|Any CPU
		{44DAE9C9-B056-4775-94A9-B5549AD171BF}.Release|Any CPU.ActiveCfg = Release|Any CPU
		{44DAE9C9-B056-4775-94A9-B5549AD171BF}.Release|Any CPU.Build.0 = Release|Any CPU
		{023A9D08-3A3A-40A1-B109-376D75F38A0D}.Debug|Any CPU.ActiveCfg = Debug|Any CPU
		{023A9D08-3A3A-40A1-B109-376D75F38A0D}.Debug|Any CPU.Build.0 = Debug|Any CPU
		{023A9D08-3A3A-40A1-B109-376D75F38A0D}.Release|Any CPU.ActiveCfg = Release|Any CPU
		{023A9D08-3A3A-40A1-B109-376D75F38A0D}.Release|Any CPU.Build.0 = Release|Any CPU
		{0DCA9B04-B507-4BCD-926B-B2D205CE5882}.Debug|Any CPU.ActiveCfg = Debug|Any CPU
		{0DCA9B04-B507-4BCD-926B-B2D205CE5882}.Debug|Any CPU.Build.0 = Debug|Any CPU
		{0DCA9B04-B507-4BCD-926B-B2D205CE5882}.Release|Any CPU.ActiveCfg = Release|Any CPU
		{0DCA9B04-B507-4BCD-926B-B2D205CE5882}.Release|Any CPU.Build.0 = Release|Any CPU
	EndGlobalSection
	GlobalSection(SolutionProperties) = preSolution
		HideSolutionNode = FALSE
	EndGlobalSection
	GlobalSection(NestedProjects) = preSolution
		{5DAD712F-F7A8-442D-8B99-5055CA77BAD0} = {3F1D0AB5-A5F5-45F7-B7BC-A4F92EB5E45F}
		{72A1AB07-29B8-4946-83F8-5470479F56BC} = {3F1D0AB5-A5F5-45F7-B7BC-A4F92EB5E45F}
		{589C100E-A310-4A32-9034-4B77FF377A7F} = {72A1AB07-29B8-4946-83F8-5470479F56BC}
		{86FBFA50-40AA-428A-9661-8A150965CBC2} = {3F1D0AB5-A5F5-45F7-B7BC-A4F92EB5E45F}
		{9164F80D-30A2-4417-A2AF-DA907FA07B23} = {C1BD223C-4ED7-4FB9-9065-B576064883EE}
		{908C11F3-221E-428B-B412-DDE93B270316} = {86FBFA50-40AA-428A-9661-8A150965CBC2}
		{C1BD223C-4ED7-4FB9-9065-B576064883EE} = {3F1D0AB5-A5F5-45F7-B7BC-A4F92EB5E45F}
		{8A705B6D-03C7-4161-969C-CF54D829A270} = {3F1D0AB5-A5F5-45F7-B7BC-A4F92EB5E45F}
		{F170556D-4EEE-4623-A960-1E0363CD5AD9} = {8A705B6D-03C7-4161-969C-CF54D829A270}
		{CB4AF827-61A7-43F8-B297-376810751DF9} = {3F1D0AB5-A5F5-45F7-B7BC-A4F92EB5E45F}
		{6AACC50B-1599-4997-A351-2EAF61A99CD6} = {CB4AF827-61A7-43F8-B297-376810751DF9}
		{8A190F97-6C55-4C67-9B31-9BBD177A025C} = {3F1D0AB5-A5F5-45F7-B7BC-A4F92EB5E45F}
		{D07B4B8C-E850-4E24-93FB-DE3868D4AAAB} = {8A190F97-6C55-4C67-9B31-9BBD177A025C}
		{59E6F805-2E0B-468A-B6E2-9C001A986FBA} = {3F1D0AB5-A5F5-45F7-B7BC-A4F92EB5E45F}
		{C1BAC472-A9A3-4271-A8EE-A22A3472DECD} = {59E6F805-2E0B-468A-B6E2-9C001A986FBA}
		{2EABDB45-4894-4093-A759-B0DCD49FC1BD} = {7FE28255-0503-43F7-985A-81BCDF7D3DA4}
		{B9EF3528-38FA-48B7-A741-494AD8BF8277} = {2EABDB45-4894-4093-A759-B0DCD49FC1BD}
		{A59222F2-70C2-424F-B908-4F6E4583109B} = {7FE28255-0503-43F7-985A-81BCDF7D3DA4}
		{563462FA-0AE5-48BF-B836-DA00DD7F0332} = {A59222F2-70C2-424F-B908-4F6E4583109B}
		{DF9268C5-4573-4572-B4C0-334602F9A6BC} = {CBE45011-BF01-496B-A021-0AC35F4462DB}
		{134521AE-50BF-4E70-ACA2-6A4A654305D2} = {7FE28255-0503-43F7-985A-81BCDF7D3DA4}
		{D0F47648-E3F5-494E-B51D-B353926D70F6} = {134521AE-50BF-4E70-ACA2-6A4A654305D2}
		{F6D10466-5116-47FA-8673-81801969AE73} = {7FE28255-0503-43F7-985A-81BCDF7D3DA4}
		{60317133-50B6-495B-A132-840E810E0203} = {F6D10466-5116-47FA-8673-81801969AE73}
		{CBE45011-BF01-496B-A021-0AC35F4462DB} = {7FE28255-0503-43F7-985A-81BCDF7D3DA4}
		{3F83BCA7-B7DB-44B0-A20A-A75AFE69BFC4} = {7FE28255-0503-43F7-985A-81BCDF7D3DA4}
		{B7E744F4-DB00-4D52-8AB3-1D3308AF7760} = {3F83BCA7-B7DB-44B0-A20A-A75AFE69BFC4}
		{11800278-0529-4821-B056-D8975AAE7BF2} = {7FE28255-0503-43F7-985A-81BCDF7D3DA4}
		{65A29259-842A-4B64-8D6C-C38898C79AB2} = {11800278-0529-4821-B056-D8975AAE7BF2}
		{E109D2E7-82FA-436F-88CE-6E6B5DFB02A4} = {7FE28255-0503-43F7-985A-81BCDF7D3DA4}
		{24AEF130-B558-4372-8B5F-A448491656CC} = {E109D2E7-82FA-436F-88CE-6E6B5DFB02A4}
		{3D25C621-04CB-443E-9966-4340B24B2025} = {7FE28255-0503-43F7-985A-81BCDF7D3DA4}
		{F88AADFA-CF07-4DAB-A949-9758D81A405A} = {3D25C621-04CB-443E-9966-4340B24B2025}
		{6316A08A-EFB7-4CC9-8542-D8A7D2EC590B} = {7FE28255-0503-43F7-985A-81BCDF7D3DA4}
		{00952F60-D8D8-4281-BF49-D9951DEB6B34} = {6316A08A-EFB7-4CC9-8542-D8A7D2EC590B}
		{C4216E60-884F-4939-9F9C-53F29D970DB7} = {7FE28255-0503-43F7-985A-81BCDF7D3DA4}
		{DAC06B82-5267-434B-9442-A6A3D4161F9B} = {C4216E60-884F-4939-9F9C-53F29D970DB7}
		{823C3CDF-FCB5-4051-A3C5-8EB376B3F869} = {3B16C5F8-8635-4DDF-B5AD-7726F9BD6854}
		{3B16C5F8-8635-4DDF-B5AD-7726F9BD6854} = {7FE28255-0503-43F7-985A-81BCDF7D3DA4}
		{8B231E79-A8C5-437A-AF66-F19C1D026CC4} = {89EC6E0F-2167-4149-8582-BA5DEA54C689}
		{6A57753B-875B-4314-8B99-9D5F4AFB2449} = {89EC6E0F-2167-4149-8582-BA5DEA54C689}
		{89EC6E0F-2167-4149-8582-BA5DEA54C689} = {A6D30D42-7820-452E-8B50-47E27DB2D1DC}
		{C4DA1173-9AD6-4845-9FDE-35A5DB6AFD95} = {A6D30D42-7820-452E-8B50-47E27DB2D1DC}
		{F3EE6E0B-29DD-4644-9315-A39E51F392BA} = {C4DA1173-9AD6-4845-9FDE-35A5DB6AFD95}
		{2EE0D7DB-9F9F-4A00-ACC8-5F295EBFCDEE} = {A6D30D42-7820-452E-8B50-47E27DB2D1DC}
		{33DEFFA0-DEBA-41B6-8654-9DA8A9DA78EE} = {2EE0D7DB-9F9F-4A00-ACC8-5F295EBFCDEE}
		{EF2B0521-D500-4EBE-A1C5-99EE4D98C14E} = {A6D30D42-7820-452E-8B50-47E27DB2D1DC}
		{C4ACF94E-3799-4923-AD18-28FA40F66BF3} = {EF2B0521-D500-4EBE-A1C5-99EE4D98C14E}
		{1561B872-1E01-48AC-A5D3-5868C1032C06} = {A6D30D42-7820-452E-8B50-47E27DB2D1DC}
		{0ADBB397-E48F-4F7B-9607-F54762F36C05} = {1561B872-1E01-48AC-A5D3-5868C1032C06}
		{030C63AC-4F8B-43DB-953A-FC1D8DFE7EA3} = {A6D30D42-7820-452E-8B50-47E27DB2D1DC}
		{B4CF443E-08FF-48F1-977B-C603233E294E} = {030C63AC-4F8B-43DB-953A-FC1D8DFE7EA3}
		{D730E4CC-AE08-49E2-82D8-3512BE9264EB} = {A6D30D42-7820-452E-8B50-47E27DB2D1DC}
		{F090408A-BFB7-4CE1-A20A-16A6712F3100} = {D730E4CC-AE08-49E2-82D8-3512BE9264EB}
		{A7E9439D-4A1E-4A80-8B2D-B3B92E056B0D} = {A6D30D42-7820-452E-8B50-47E27DB2D1DC}
		{CE078A3D-6862-4CCB-AF70-2353CAF09825} = {A7E9439D-4A1E-4A80-8B2D-B3B92E056B0D}
		{3A8833F4-A2DA-4A09-8193-47B4E6A685A0} = {A6D30D42-7820-452E-8B50-47E27DB2D1DC}
		{4002FB4B-E577-4CEE-B075-5194676C2C87} = {3A8833F4-A2DA-4A09-8193-47B4E6A685A0}
		{4442A57C-F159-4545-9B00-E84750211256} = {A6D30D42-7820-452E-8B50-47E27DB2D1DC}
		{A53CCDB5-0D07-4100-A14C-7A2856E2BA7A} = {4442A57C-F159-4545-9B00-E84750211256}
		{F33255F1-CBF9-4A4F-9CE4-CDF7195E542A} = {A6D30D42-7820-452E-8B50-47E27DB2D1DC}
		{075792C8-5A2E-4E3B-B20E-5C140E8CF121} = {F33255F1-CBF9-4A4F-9CE4-CDF7195E542A}
		{7523F826-70D6-48D6-918D-A92C8F04481B} = {A6D30D42-7820-452E-8B50-47E27DB2D1DC}
		{7645BF67-6B80-4EB5-B48F-BEDB5AB9D5BB} = {7523F826-70D6-48D6-918D-A92C8F04481B}
		{C858705E-46E3-4B61-87D8-F9D82EED534D} = {A6D30D42-7820-452E-8B50-47E27DB2D1DC}
		{1C3EB8D4-736A-445E-BFD9-A1A24032F51A} = {C858705E-46E3-4B61-87D8-F9D82EED534D}
		{B75F5111-02C1-4544-AD90-F1304804CAE2} = {A6D30D42-7820-452E-8B50-47E27DB2D1DC}
		{2B53641D-C8FD-4478-B65D-78180425BDB2} = {B75F5111-02C1-4544-AD90-F1304804CAE2}
		{0603A036-EA5B-4A7E-BC6E-4EFDEC1E759C} = {A6D30D42-7820-452E-8B50-47E27DB2D1DC}
		{C29E8BF6-DA3E-4F32-A4F2-EC8BA3349FE9} = {0603A036-EA5B-4A7E-BC6E-4EFDEC1E759C}
		{78D3CBB4-403A-46E7-9DAC-C21DB758CB2E} = {A6D30D42-7820-452E-8B50-47E27DB2D1DC}
		{B21391BD-08DF-4FD7-A942-0EFD88253D79} = {78D3CBB4-403A-46E7-9DAC-C21DB758CB2E}
		{D44F39C5-300D-4FC1-8674-0296AC548CED} = {03F09B8B-1E46-46AE-9CC2-28EC2AFF94DF}
		{C4F7E733-503F-443C-A4B5-9EE3128DE177} = {D44F39C5-300D-4FC1-8674-0296AC548CED}
		{2483FDE1-1DEC-44AA-AC97-21667C307DB1} = {D44F39C5-300D-4FC1-8674-0296AC548CED}
		{3442A39A-9AEC-4A53-9BA6-D84ED64B76E6} = {03F09B8B-1E46-46AE-9CC2-28EC2AFF94DF}
		{36C930CA-BAE4-4F7A-9972-8356439D45BC} = {03F09B8B-1E46-46AE-9CC2-28EC2AFF94DF}
		{E5950E61-BBCD-4237-982B-917F8D6C0AC1} = {03F09B8B-1E46-46AE-9CC2-28EC2AFF94DF}
		{8993FBA9-4F43-45EC-8198-C4B4B754D269} = {E5950E61-BBCD-4237-982B-917F8D6C0AC1}
		{202F2102-2D23-4D7A-A25E-194221870D7D} = {03F09B8B-1E46-46AE-9CC2-28EC2AFF94DF}
		{5FC4BBC9-91CC-4EEE-9966-98154417A1F5} = {202F2102-2D23-4D7A-A25E-194221870D7D}
		{D81C8A13-76F3-47DF-B199-C7466B121E9C} = {202F2102-2D23-4D7A-A25E-194221870D7D}
		{C0300054-FE80-4E5D-94E6-460C81373F89} = {03F09B8B-1E46-46AE-9CC2-28EC2AFF94DF}
		{8A96A2EB-5E9B-44EE-945A-77FDDD13B802} = {C0300054-FE80-4E5D-94E6-460C81373F89}
		{AC3AD2AB-B2A8-4324-A8A8-0FAD0EB8B44C} = {03F09B8B-1E46-46AE-9CC2-28EC2AFF94DF}
		{9DC305F4-6D17-4666-9234-F860FD0487F5} = {AC3AD2AB-B2A8-4324-A8A8-0FAD0EB8B44C}
		{A532C181-B510-48F4-A82B-6C1AE316C754} = {03F09B8B-1E46-46AE-9CC2-28EC2AFF94DF}
		{1208ADF0-3EFD-4420-971E-15627B47E3EF} = {A532C181-B510-48F4-A82B-6C1AE316C754}
		{A82C27E0-A4EF-4044-BCAC-AB9636E5FED4} = {03F09B8B-1E46-46AE-9CC2-28EC2AFF94DF}
		{FA285829-F58C-4ADB-A0A7-3C6C239C3690} = {A82C27E0-A4EF-4044-BCAC-AB9636E5FED4}
		{645BF724-AC95-48CC-B3C4-10DE19554456} = {03F09B8B-1E46-46AE-9CC2-28EC2AFF94DF}
		{F4A1CCBB-0D91-4746-9EB4-68C49C11EDC2} = {645BF724-AC95-48CC-B3C4-10DE19554456}
		{64C3350C-7FBD-49A7-9D24-D86A86DFCD9E} = {03F09B8B-1E46-46AE-9CC2-28EC2AFF94DF}
		{EAD09FA9-FC3E-49CF-8B2F-BD5E1192F0EC} = {64C3350C-7FBD-49A7-9D24-D86A86DFCD9E}
		{4B9CC6BE-A80B-4E98-9056-3416DDBB108B} = {64C3350C-7FBD-49A7-9D24-D86A86DFCD9E}
		{2AC44EDE-AA5D-4F67-82BE-91444216C181} = {03F09B8B-1E46-46AE-9CC2-28EC2AFF94DF}
		{864F23DC-02EB-47EA-9A01-6DBF54A9FDC2} = {2AC44EDE-AA5D-4F67-82BE-91444216C181}
		{EA5EC6E2-BDA6-4D70-A0EF-4D438BEC1F9F} = {227FABAA-03A8-4C6E-A085-EE0308EB8C64}
		{227FABAA-03A8-4C6E-A085-EE0308EB8C64} = {8D8C4EF8-4539-4AFB-894D-A09F6CD35064}
		{286B1FBE-B94D-4ACD-BC54-D02C02F71AF8} = {8D8C4EF8-4539-4AFB-894D-A09F6CD35064}
		{0DF495A5-468F-4F4F-8062-20726CEE8FC3} = {286B1FBE-B94D-4ACD-BC54-D02C02F71AF8}
		{3D4EC903-5A86-40C1-AFB4-34E9F60954E7} = {8D8C4EF8-4539-4AFB-894D-A09F6CD35064}
		{F6F2A7A9-0519-42CD-BCD3-20A18E40A438} = {3D4EC903-5A86-40C1-AFB4-34E9F60954E7}
		{16C905F0-3014-4AA3-9A14-496D301EBB7D} = {8D8C4EF8-4539-4AFB-894D-A09F6CD35064}
		{E33A49E4-7453-42B1-8932-4D52F2FB215C} = {16C905F0-3014-4AA3-9A14-496D301EBB7D}
		{346BDDD3-E1DE-43E1-BAE4-7AE99A93E935} = {8D8C4EF8-4539-4AFB-894D-A09F6CD35064}
		{3730F36D-A44A-4009-AF41-AF2CB0AB7170} = {346BDDD3-E1DE-43E1-BAE4-7AE99A93E935}
		{E170149C-822B-446F-A170-A7C853FC34F8} = {8D8C4EF8-4539-4AFB-894D-A09F6CD35064}
		{566D7221-F52A-4359-9862-24152277EE36} = {E170149C-822B-446F-A170-A7C853FC34F8}
		{85A1318E-EF3E-45B1-B8BE-31F297325451} = {8D8C4EF8-4539-4AFB-894D-A09F6CD35064}
		{EC2EE69C-7FB3-400B-8662-0AB8A719CDF1} = {85A1318E-EF3E-45B1-B8BE-31F297325451}
		{EEB4A56E-71CC-4974-BB08-36B5558444AC} = {8D8C4EF8-4539-4AFB-894D-A09F6CD35064}
		{543B80BE-C190-4BB0-8D6B-A2B80AFDFE3B} = {EEB4A56E-71CC-4974-BB08-36B5558444AC}
		{EFCE67D7-1303-4E78-B3C5-7F938DF8F985} = {8D8C4EF8-4539-4AFB-894D-A09F6CD35064}
		{C73E88BF-111F-4BDA-A273-DD1CAB337EE7} = {EFCE67D7-1303-4E78-B3C5-7F938DF8F985}
		{AAE0D15A-7991-4073-945D-A3F0D26F5AB6} = {F0B653E1-CA72-4127-B359-090D0D072E7D}
		{B484E00D-DC46-4E1F-B63E-D066392DFE46} = {AAE0D15A-7991-4073-945D-A3F0D26F5AB6}
		{3B469645-029F-49C1-A7F1-DB36DAE37B5C} = {F0B653E1-CA72-4127-B359-090D0D072E7D}
		{B2DBEEAA-FEF3-4ADB-A554-D1E46D0CEF20} = {3B469645-029F-49C1-A7F1-DB36DAE37B5C}
		{46355529-9884-4B19-A90E-DF1C4F3F2238} = {F0B653E1-CA72-4127-B359-090D0D072E7D}
		{DB1F8990-4462-4525-8410-59E2ACE50959} = {46355529-9884-4B19-A90E-DF1C4F3F2238}
		{2FF179B2-7E10-4F8C-B783-1E04B53ACBF7} = {F0B653E1-CA72-4127-B359-090D0D072E7D}
		{8DF34F97-4583-4EBE-B83C-9C17B21C04A3} = {2FF179B2-7E10-4F8C-B783-1E04B53ACBF7}
		{3CC9EF53-28B7-47E1-B998-DDB4469560D5} = {F0B653E1-CA72-4127-B359-090D0D072E7D}
		{692B0B19-C71B-4486-ACF9-23240DB07060} = {3CC9EF53-28B7-47E1-B998-DDB4469560D5}
		{AE617BAF-AE20-43D3-BD6D-A882C1C92655} = {F0B653E1-CA72-4127-B359-090D0D072E7D}
		{14E8A34B-E923-4489-B1BA-BC3DB6FF6B11} = {AE617BAF-AE20-43D3-BD6D-A882C1C92655}
		{FBA0EFE1-48B6-4D07-A594-BA9B692C2B32} = {F0B653E1-CA72-4127-B359-090D0D072E7D}
		{96510A9B-6F36-4346-900B-83771C012897} = {FBA0EFE1-48B6-4D07-A594-BA9B692C2B32}
		{1D4310ED-77A9-43D6-A091-7C336D2C95B4} = {F0B653E1-CA72-4127-B359-090D0D072E7D}
		{83356854-FCDA-482F-B305-D0BE127F1932} = {1D4310ED-77A9-43D6-A091-7C336D2C95B4}
		{DE7B64AC-4065-4615-8C54-C2D0065BD5DF} = {F0B653E1-CA72-4127-B359-090D0D072E7D}
		{28C4431B-1084-4F5A-A4DC-DFD7A76A96C1} = {DE7B64AC-4065-4615-8C54-C2D0065BD5DF}
		{C4153B39-D845-4047-9182-510ACAF08104} = {F0B653E1-CA72-4127-B359-090D0D072E7D}
		{0233C0C9-D6F5-4F48-AED7-D31525EA2F5F} = {C4153B39-D845-4047-9182-510ACAF08104}
		{3412F790-88C0-4B6A-92B0-D94BE46579F6} = {F0B653E1-CA72-4127-B359-090D0D072E7D}
		{BA57438D-3E10-4E54-97D4-AFE9B6726533} = {3412F790-88C0-4B6A-92B0-D94BE46579F6}
		{C030FCA6-3546-4680-A729-9E8525B8EB37} = {F0B653E1-CA72-4127-B359-090D0D072E7D}
		{DF0968C4-934C-4BF1-89DC-271922B03D1E} = {C030FCA6-3546-4680-A729-9E8525B8EB37}
		{AAA600A0-6BAC-48BD-A943-EED1725014B0} = {16A0534A-09D1-40EC-833F-33078D993760}
		{D5B4C317-CB59-4088-8F12-E6E536789DB8} = {AAA600A0-6BAC-48BD-A943-EED1725014B0}
		{842C8570-5DF4-421A-8F55-A4657746F14C} = {16A0534A-09D1-40EC-833F-33078D993760}
		{5C44A0A5-DE9B-4FC9-9159-D6F65CBCD517} = {842C8570-5DF4-421A-8F55-A4657746F14C}
		{DA7BAFCF-82D5-4FA5-B373-38EBCCDB0858} = {16A0534A-09D1-40EC-833F-33078D993760}
		{914B9D02-3B21-43A7-8712-3C968F519D82} = {DA7BAFCF-82D5-4FA5-B373-38EBCCDB0858}
		{B1A65020-BC9B-4AA9-89D0-507A17DEFFF5} = {16A0534A-09D1-40EC-833F-33078D993760}
		{78FF1C7A-6978-4316-B5D3-7EFF90847AD8} = {16A0534A-09D1-40EC-833F-33078D993760}
		{FEBEE07C-F599-49A3-A3A3-DF6C5689E67A} = {16A0534A-09D1-40EC-833F-33078D993760}
		{C4CA7CB9-5E14-4097-9C4D-C469A08B4734} = {B1A65020-BC9B-4AA9-89D0-507A17DEFFF5}
		{12119A05-7483-4051-9ACC-59F7E061FCBD} = {78FF1C7A-6978-4316-B5D3-7EFF90847AD8}
		{9DC7B0CE-DA6D-47BF-A104-C22C51180F8E} = {FEBEE07C-F599-49A3-A3A3-DF6C5689E67A}
		{AB904244-9387-445C-ADBB-26A01A8D7C0F} = {55A39C9F-F86E-4A01-8385-E9A056CF458D}
		{42CBD5BA-5553-4058-8F06-503E5668742B} = {AB904244-9387-445C-ADBB-26A01A8D7C0F}
		{7DF111B5-F872-4273-9E5E-2C3C322242AE} = {55A39C9F-F86E-4A01-8385-E9A056CF458D}
		{44DAE9C9-B056-4775-94A9-B5549AD171BF} = {7DF111B5-F872-4273-9E5E-2C3C322242AE}
		{E61446CC-EBBB-4822-AD02-C3E55EFA23B3} = {55A39C9F-F86E-4A01-8385-E9A056CF458D}
		{023A9D08-3A3A-40A1-B109-376D75F38A0D} = {E61446CC-EBBB-4822-AD02-C3E55EFA23B3}
		{6242163D-30DC-460F-B024-C662F6210C8B} = {55A39C9F-F86E-4A01-8385-E9A056CF458D}
		{0DCA9B04-B507-4BCD-926B-B2D205CE5882} = {6242163D-30DC-460F-B024-C662F6210C8B}
	EndGlobalSection
	GlobalSection(ExtensibilityGlobals) = postSolution
		SolutionGuid = {391644C7-7BA7-4B37-957C-2CC9E53DAEDF}
	EndGlobalSection
EndGlobal
