
Microsoft Visual Studio Solution File, Format Version 12.00
# Visual Studio Version 16
VisualStudioVersion = 16.0.30128.74
MinimumVisualStudioVersion = 10.0.40219.1
Project("{2150E333-8FDC-42A3-9474-1A3956D46DE8}") = "ex001", "ex001", "{5DAD712F-F7A8-442D-8B99-5055CA77BAD0}"
	ProjectSection(SolutionItems) = preProject
		compilar_manualmente.txt = compilar_manualmente.txt
	EndProjectSection
EndProject
Project("{2150E333-8FDC-42A3-9474-1A3956D46DE8}") = "ex002", "ex002", "{72A1AB07-29B8-4946-83F8-5470479F56BC}"
EndProject
Project("{FAE04EC0-301F-11D3-BF4B-00C04F79EFBC}") = "FluxoPrograma", "FluxoPrograma\FluxoPrograma.csproj", "{589C100E-A310-4A32-9034-4B77FF377A7F}"
EndProject
Project("{2150E333-8FDC-42A3-9474-1A3956D46DE8}") = "ex003", "ex003", "{86FBFA50-40AA-428A-9661-8A150965CBC2}"
EndProject
Project("{FAE04EC0-301F-11D3-BF4B-00C04F79EFBC}") = "expressoes_operadores", "expressoes_operadores\expressoes_operadores.csproj", "{9164F80D-30A2-4417-A2AF-DA907FA07B23}"
EndProject
Project("{FAE04EC0-301F-11D3-BF4B-00C04F79EFBC}") = "Variaveis_funcoes", "Variaveis_funcoes\Variaveis_funcoes.csproj", "{908C11F3-221E-428B-B412-DDE93B270316}"
EndProject
Project("{2150E333-8FDC-42A3-9474-1A3956D46DE8}") = "ex004", "ex004", "{C1BD223C-4ED7-4FB9-9065-B576064883EE}"
EndProject
Project("{2150E333-8FDC-42A3-9474-1A3956D46DE8}") = "ex005", "ex005", "{8A705B6D-03C7-4161-969C-CF54D829A270}"
EndProject
Project("{FAE04EC0-301F-11D3-BF4B-00C04F79EFBC}") = "Operadores", "OperadorTenario\Operadores.csproj", "{F170556D-4EEE-4623-A960-1E0363CD5AD9}"
EndProject
Project("{2150E333-8FDC-42A3-9474-1A3956D46DE8}") = "ex006", "ex006", "{CB4AF827-61A7-43F8-B297-376810751DF9}"
EndProject
Project("{FAE04EC0-301F-11D3-BF4B-00C04F79EFBC}") = "instrucaoIF", "instrucaoIF\instrucaoIF.csproj", "{6AACC50B-1599-4997-A351-2EAF61A99CD6}"
EndProject
Project("{2150E333-8FDC-42A3-9474-1A3956D46DE8}") = "ex007", "ex007", "{8A190F97-6C55-4C67-9B31-9BBD177A025C}"
EndProject
Project("{FAE04EC0-301F-11D3-BF4B-00C04F79EFBC}") = "intrucaoSwitch", "intrucaoSwitch\intrucaoSwitch.csproj", "{D07B4B8C-E850-4E24-93FB-DE3868D4AAAB}"
EndProject
Project("{2150E333-8FDC-42A3-9474-1A3956D46DE8}") = "ex008", "ex008", "{59E6F805-2E0B-468A-B6E2-9C001A986FBA}"
EndProject
Project("{FAE04EC0-301F-11D3-BF4B-00C04F79EFBC}") = "instrucaoLoops", "instrucaoLoops\instrucaoLoops.csproj", "{C1BAC472-A9A3-4271-A8EE-A22A3472DECD}"
EndProject
Project("{2150E333-8FDC-42A3-9474-1A3956D46DE8}") = "ex009", "ex009", "{2EABDB45-4894-4093-A759-B0DCD49FC1BD}"
EndProject
Project("{2150E333-8FDC-42A3-9474-1A3956D46DE8}") = "Aula01", "Aula01", "{3F1D0AB5-A5F5-45F7-B7BC-A4F92EB5E45F}"
EndProject
Project("{2150E333-8FDC-42A3-9474-1A3956D46DE8}") = "Aula02", "Aula02", "{7FE28255-0503-43F7-985A-81BCDF7D3DA4}"
	ProjectSection(SolutionItems) = preProject
		..\..\..\Twitch\Stack_heap.jpg = ..\..\..\Twitch\Stack_heap.jpg
	EndProjectSection
EndProject
Project("{FAE04EC0-301F-11D3-BF4B-00C04F79EFBC}") = "entendendoTiposPorValor", "entendendoTiposPorValor\entendendoTiposPorValor.csproj", "{B9EF3528-38FA-48B7-A741-494AD8BF8277}"
EndProject
Project("{2150E333-8FDC-42A3-9474-1A3956D46DE8}") = "ex010", "ex010", "{A59222F2-70C2-424F-B908-4F6E4583109B}"
EndProject
Project("{FAE04EC0-301F-11D3-BF4B-00C04F79EFBC}") = "explicandoStructs", "explicandoStructs\explicandoStructs.csproj", "{563462FA-0AE5-48BF-B836-DA00DD7F0332}"
EndProject
Project("{FAE04EC0-301F-11D3-BF4B-00C04F79EFBC}") = "structEClasseNaMemoria", "structEClasse\structEClasseNaMemoria.csproj", "{DF9268C5-4573-4572-B4C0-334602F9A6BC}"
EndProject
Project("{2150E333-8FDC-42A3-9474-1A3956D46DE8}") = "ex011", "ex011", "{134521AE-50BF-4E70-ACA2-6A4A654305D2}"
EndProject
Project("{FAE04EC0-301F-11D3-BF4B-00C04F79EFBC}") = "enumeracao", "enumeracao\enumeracao.csproj", "{D0F47648-E3F5-494E-B51D-B353926D70F6}"
EndProject
Project("{2150E333-8FDC-42A3-9474-1A3956D46DE8}") = "ex012", "ex012", "{F6D10466-5116-47FA-8673-81801969AE73}"
EndProject
Project("{FAE04EC0-301F-11D3-BF4B-00C04F79EFBC}") = "ReferenceType", "ReferenceType\ReferenceType.csproj", "{60317133-50B6-495B-A132-840E810E0203}"
EndProject
Project("{2150E333-8FDC-42A3-9474-1A3956D46DE8}") = "ex013", "ex013", "{CBE45011-BF01-496B-A021-0AC35F4462DB}"
EndProject
Project("{2150E333-8FDC-42A3-9474-1A3956D46DE8}") = "ex014", "ex014", "{3F83BCA7-B7DB-44B0-A20A-A75AFE69BFC4}"
EndProject
Project("{FAE04EC0-301F-11D3-BF4B-00C04F79EFBC}") = "utilizandoClasses", "utilizandoClasses\utilizandoClasses.csproj", "{B7E744F4-DB00-4D52-8AB3-1D3308AF7760}"
EndProject
Project("{2150E333-8FDC-42A3-9474-1A3956D46DE8}") = "ex015", "ex015", "{11800278-0529-4821-B056-D8975AAE7BF2}"
EndProject
Project("{FAE04EC0-301F-11D3-BF4B-00C04F79EFBC}") = "poo", "poo\poo.csproj", "{65A29259-842A-4B64-8D6C-C38898C79AB2}"
EndProject
Project("{2150E333-8FDC-42A3-9474-1A3956D46DE8}") = "ex016", "ex016", "{E109D2E7-82FA-436F-88CE-6E6B5DFB02A4}"
EndProject
Project("{FAE04EC0-301F-11D3-BF4B-00C04F79EFBC}") = "metodoDeExtensao", "extensionsMetodos\metodoDeExtensao.csproj", "{24AEF130-B558-4372-8B5F-A448491656CC}"
EndProject
Project("{2150E333-8FDC-42A3-9474-1A3956D46DE8}") = "ex017", "ex017", "{3D25C621-04CB-443E-9966-4340B24B2025}"
EndProject
Project("{FAE04EC0-301F-11D3-BF4B-00C04F79EFBC}") = "parametrosNomeados", "parametrosNomeados\parametrosNomeados.csproj", "{F88AADFA-CF07-4DAB-A949-9758D81A405A}"
EndProject
Project("{2150E333-8FDC-42A3-9474-1A3956D46DE8}") = "ex018", "ex018", "{6316A08A-EFB7-4CC9-8542-D8A7D2EC590B}"
EndProject
Project("{FAE04EC0-301F-11D3-BF4B-00C04F79EFBC}") = "propriedades", "propriedades\propriedades.csproj", "{00952F60-D8D8-4281-BF49-D9951DEB6B34}"
EndProject
Project("{2150E333-8FDC-42A3-9474-1A3956D46DE8}") = "ex019", "ex019", "{C4216E60-884F-4939-9F9C-53F29D970DB7}"
EndProject
Project("{FAE04EC0-301F-11D3-BF4B-00C04F79EFBC}") = "propriedadeIndexada", "propriedadeIndexada\propriedadeIndexada.csproj", "{DAC06B82-5267-434B-9442-A6A3D4161F9B}"
EndProject
Project("{FAE04EC0-301F-11D3-BF4B-00C04F79EFBC}") = "TiposGenericos", "TiposGenericos\TiposGenericos.csproj", "{823C3CDF-FCB5-4051-A3C5-8EB376B3F869}"
EndProject
Project("{2150E333-8FDC-42A3-9474-1A3956D46DE8}") = "ex020", "ex020", "{3B16C5F8-8635-4DDF-B5AD-7726F9BD6854}"
EndProject
Project("{2150E333-8FDC-42A3-9474-1A3956D46DE8}") = "Aula03", "Aula03", "{A6D30D42-7820-452E-8B50-47E27DB2D1DC}"
EndProject
Project("{FAE04EC0-301F-11D3-BF4B-00C04F79EFBC}") = "modificadores", "modificadores\modificadores.csproj", "{8B231E79-A8C5-437A-AF66-F19C1D026CC4}"
EndProject
Project("{FAE04EC0-301F-11D3-BF4B-00C04F79EFBC}") = "classes", "classes\classes.csproj", "{6A57753B-875B-4314-8B99-9D5F4AFB2449}"
EndProject
Project("{2150E333-8FDC-42A3-9474-1A3956D46DE8}") = "ex021", "ex021", "{89EC6E0F-2167-4149-8582-BA5DEA54C689}"
EndProject
Project("{2150E333-8FDC-42A3-9474-1A3956D46DE8}") = "ex023", "ex023", "{C4DA1173-9AD6-4845-9FDE-35A5DB6AFD95}"
EndProject
Project("{FAE04EC0-301F-11D3-BF4B-00C04F79EFBC}") = "conversoes", "conversoes\conversoes.csproj", "{F3EE6E0B-29DD-4644-9315-A39E51F392BA}"
EndProject
Project("{2150E333-8FDC-42A3-9474-1A3956D46DE8}") = "ex024", "ex024", "{2EE0D7DB-9F9F-4A00-ACC8-5F295EBFCDEE}"
EndProject
Project("{FAE04EC0-301F-11D3-BF4B-00C04F79EFBC}") = "conversaoReferenceType", "conversaoReferenceType\conversaoReferenceType.csproj", "{33DEFFA0-DEBA-41B6-8654-9DA8A9DA78EE}"
EndProject
Project("{2150E333-8FDC-42A3-9474-1A3956D46DE8}") = "ex025", "ex025", "{EF2B0521-D500-4EBE-A1C5-99EE4D98C14E}"
EndProject
Project("{FAE04EC0-301F-11D3-BF4B-00C04F79EFBC}") = "convertendoValores", "convertendoValores\convertendoValores.csproj", "{C4ACF94E-3799-4923-AD18-28FA40F66BF3}"
EndProject
Project("{2150E333-8FDC-42A3-9474-1A3956D46DE8}") = "ex026", "ex026", "{1561B872-1E01-48AC-A5D3-5868C1032C06}"
EndProject
Project("{FAE04EC0-301F-11D3-BF4B-00C04F79EFBC}") = "conversaoData", "conversaoData\conversaoData.csproj", "{0ADBB397-E48F-4F7B-9607-F54762F36C05}"
EndProject
Project("{2150E333-8FDC-42A3-9474-1A3956D46DE8}") = "ex027", "ex027", "{030C63AC-4F8B-43DB-953A-FC1D8DFE7EA3}"
EndProject
Project("{FAE04EC0-301F-11D3-BF4B-00C04F79EFBC}") = "conversaoDecimal", "conversaoDecimal\conversaoDecimal.csproj", "{B4CF443E-08FF-48F1-977B-C603233E294E}"
EndProject
Project("{2150E333-8FDC-42A3-9474-1A3956D46DE8}") = "ex028", "ex028", "{D730E4CC-AE08-49E2-82D8-3512BE9264EB}"
EndProject
Project("{FAE04EC0-301F-11D3-BF4B-00C04F79EFBC}") = "usandoConvert", "usandoConvert\usandoConvert.csproj", "{F090408A-BFB7-4CE1-A20A-16A6712F3100}"
EndProject
Project("{2150E333-8FDC-42A3-9474-1A3956D46DE8}") = "ex029", "ex029", "{A7E9439D-4A1E-4A80-8B2D-B3B92E056B0D}"
EndProject
Project("{FAE04EC0-301F-11D3-BF4B-00C04F79EFBC}") = "cuidadosConversao", "cuidadosConversao\cuidadosConversao.csproj", "{CE078A3D-6862-4CCB-AF70-2353CAF09825}"
EndProject
Project("{2150E333-8FDC-42A3-9474-1A3956D46DE8}") = "ex030", "ex030", "{3A8833F4-A2DA-4A09-8193-47B4E6A685A0}"
EndProject
Project("{FAE04EC0-301F-11D3-BF4B-00C04F79EFBC}") = "boxxinUnboxing", "boxxinUnboxing\boxxinUnboxing.csproj", "{4002FB4B-E577-4CEE-B075-5194676C2C87}"
EndProject
Project("{2150E333-8FDC-42A3-9474-1A3956D46DE8}") = "ex031", "ex031", "{4442A57C-F159-4545-9B00-E84750211256}"
EndProject
Project("{FAE04EC0-301F-11D3-BF4B-00C04F79EFBC}") = "ExemplopInvoke", "ExemplopInvoke\ExemplopInvoke.csproj", "{A53CCDB5-0D07-4100-A14C-7A2856E2BA7A}"
EndProject
Project("{2150E333-8FDC-42A3-9474-1A3956D46DE8}") = "ex032", "ex032", "{F33255F1-CBF9-4A4F-9CE4-CDF7195E542A}"
EndProject
Project("{FAE04EC0-301F-11D3-BF4B-00C04F79EFBC}") = "tipoDinamico", "tipoDinamico\tipoDinamico.csproj", "{075792C8-5A2E-4E3B-B20E-5C140E8CF121}"
EndProject
Project("{2150E333-8FDC-42A3-9474-1A3956D46DE8}") = "ex033", "ex033", "{7523F826-70D6-48D6-918D-A92C8F04481B}"
EndProject
Global
	GlobalSection(SolutionConfigurationPlatforms) = preSolution
		Debug|Any CPU = Debug|Any CPU
		Release|Any CPU = Release|Any CPU
	EndGlobalSection
	GlobalSection(ProjectConfigurationPlatforms) = postSolution
		{589C100E-A310-4A32-9034-4B77FF377A7F}.Debug|Any CPU.ActiveCfg = Debug|Any CPU
		{589C100E-A310-4A32-9034-4B77FF377A7F}.Debug|Any CPU.Build.0 = Debug|Any CPU
		{589C100E-A310-4A32-9034-4B77FF377A7F}.Release|Any CPU.ActiveCfg = Release|Any CPU
		{589C100E-A310-4A32-9034-4B77FF377A7F}.Release|Any CPU.Build.0 = Release|Any CPU
		{9164F80D-30A2-4417-A2AF-DA907FA07B23}.Debug|Any CPU.ActiveCfg = Debug|Any CPU
		{9164F80D-30A2-4417-A2AF-DA907FA07B23}.Debug|Any CPU.Build.0 = Debug|Any CPU
		{9164F80D-30A2-4417-A2AF-DA907FA07B23}.Release|Any CPU.ActiveCfg = Release|Any CPU
		{9164F80D-30A2-4417-A2AF-DA907FA07B23}.Release|Any CPU.Build.0 = Release|Any CPU
		{908C11F3-221E-428B-B412-DDE93B270316}.Debug|Any CPU.ActiveCfg = Debug|Any CPU
		{908C11F3-221E-428B-B412-DDE93B270316}.Debug|Any CPU.Build.0 = Debug|Any CPU
		{908C11F3-221E-428B-B412-DDE93B270316}.Release|Any CPU.ActiveCfg = Release|Any CPU
		{908C11F3-221E-428B-B412-DDE93B270316}.Release|Any CPU.Build.0 = Release|Any CPU
		{F170556D-4EEE-4623-A960-1E0363CD5AD9}.Debug|Any CPU.ActiveCfg = Debug|Any CPU
		{F170556D-4EEE-4623-A960-1E0363CD5AD9}.Debug|Any CPU.Build.0 = Debug|Any CPU
		{F170556D-4EEE-4623-A960-1E0363CD5AD9}.Release|Any CPU.ActiveCfg = Release|Any CPU
		{F170556D-4EEE-4623-A960-1E0363CD5AD9}.Release|Any CPU.Build.0 = Release|Any CPU
		{6AACC50B-1599-4997-A351-2EAF61A99CD6}.Debug|Any CPU.ActiveCfg = Debug|Any CPU
		{6AACC50B-1599-4997-A351-2EAF61A99CD6}.Debug|Any CPU.Build.0 = Debug|Any CPU
		{6AACC50B-1599-4997-A351-2EAF61A99CD6}.Release|Any CPU.ActiveCfg = Release|Any CPU
		{6AACC50B-1599-4997-A351-2EAF61A99CD6}.Release|Any CPU.Build.0 = Release|Any CPU
		{D07B4B8C-E850-4E24-93FB-DE3868D4AAAB}.Debug|Any CPU.ActiveCfg = Debug|Any CPU
		{D07B4B8C-E850-4E24-93FB-DE3868D4AAAB}.Debug|Any CPU.Build.0 = Debug|Any CPU
		{D07B4B8C-E850-4E24-93FB-DE3868D4AAAB}.Release|Any CPU.ActiveCfg = Release|Any CPU
		{D07B4B8C-E850-4E24-93FB-DE3868D4AAAB}.Release|Any CPU.Build.0 = Release|Any CPU
		{C1BAC472-A9A3-4271-A8EE-A22A3472DECD}.Debug|Any CPU.ActiveCfg = Debug|Any CPU
		{C1BAC472-A9A3-4271-A8EE-A22A3472DECD}.Debug|Any CPU.Build.0 = Debug|Any CPU
		{C1BAC472-A9A3-4271-A8EE-A22A3472DECD}.Release|Any CPU.ActiveCfg = Release|Any CPU
		{C1BAC472-A9A3-4271-A8EE-A22A3472DECD}.Release|Any CPU.Build.0 = Release|Any CPU
		{B9EF3528-38FA-48B7-A741-494AD8BF8277}.Debug|Any CPU.ActiveCfg = Debug|Any CPU
		{B9EF3528-38FA-48B7-A741-494AD8BF8277}.Debug|Any CPU.Build.0 = Debug|Any CPU
		{B9EF3528-38FA-48B7-A741-494AD8BF8277}.Release|Any CPU.ActiveCfg = Release|Any CPU
		{B9EF3528-38FA-48B7-A741-494AD8BF8277}.Release|Any CPU.Build.0 = Release|Any CPU
		{563462FA-0AE5-48BF-B836-DA00DD7F0332}.Debug|Any CPU.ActiveCfg = Debug|Any CPU
		{563462FA-0AE5-48BF-B836-DA00DD7F0332}.Debug|Any CPU.Build.0 = Debug|Any CPU
		{563462FA-0AE5-48BF-B836-DA00DD7F0332}.Release|Any CPU.ActiveCfg = Release|Any CPU
		{563462FA-0AE5-48BF-B836-DA00DD7F0332}.Release|Any CPU.Build.0 = Release|Any CPU
		{DF9268C5-4573-4572-B4C0-334602F9A6BC}.Debug|Any CPU.ActiveCfg = Debug|Any CPU
		{DF9268C5-4573-4572-B4C0-334602F9A6BC}.Debug|Any CPU.Build.0 = Debug|Any CPU
		{DF9268C5-4573-4572-B4C0-334602F9A6BC}.Release|Any CPU.ActiveCfg = Release|Any CPU
		{DF9268C5-4573-4572-B4C0-334602F9A6BC}.Release|Any CPU.Build.0 = Release|Any CPU
		{D0F47648-E3F5-494E-B51D-B353926D70F6}.Debug|Any CPU.ActiveCfg = Debug|Any CPU
		{D0F47648-E3F5-494E-B51D-B353926D70F6}.Debug|Any CPU.Build.0 = Debug|Any CPU
		{D0F47648-E3F5-494E-B51D-B353926D70F6}.Release|Any CPU.ActiveCfg = Release|Any CPU
		{D0F47648-E3F5-494E-B51D-B353926D70F6}.Release|Any CPU.Build.0 = Release|Any CPU
		{60317133-50B6-495B-A132-840E810E0203}.Debug|Any CPU.ActiveCfg = Debug|Any CPU
		{60317133-50B6-495B-A132-840E810E0203}.Debug|Any CPU.Build.0 = Debug|Any CPU
		{60317133-50B6-495B-A132-840E810E0203}.Release|Any CPU.ActiveCfg = Release|Any CPU
		{60317133-50B6-495B-A132-840E810E0203}.Release|Any CPU.Build.0 = Release|Any CPU
		{B7E744F4-DB00-4D52-8AB3-1D3308AF7760}.Debug|Any CPU.ActiveCfg = Debug|Any CPU
		{B7E744F4-DB00-4D52-8AB3-1D3308AF7760}.Debug|Any CPU.Build.0 = Debug|Any CPU
		{B7E744F4-DB00-4D52-8AB3-1D3308AF7760}.Release|Any CPU.ActiveCfg = Release|Any CPU
		{B7E744F4-DB00-4D52-8AB3-1D3308AF7760}.Release|Any CPU.Build.0 = Release|Any CPU
		{65A29259-842A-4B64-8D6C-C38898C79AB2}.Debug|Any CPU.ActiveCfg = Debug|Any CPU
		{65A29259-842A-4B64-8D6C-C38898C79AB2}.Debug|Any CPU.Build.0 = Debug|Any CPU
		{65A29259-842A-4B64-8D6C-C38898C79AB2}.Release|Any CPU.ActiveCfg = Release|Any CPU
		{65A29259-842A-4B64-8D6C-C38898C79AB2}.Release|Any CPU.Build.0 = Release|Any CPU
		{24AEF130-B558-4372-8B5F-A448491656CC}.Debug|Any CPU.ActiveCfg = Debug|Any CPU
		{24AEF130-B558-4372-8B5F-A448491656CC}.Debug|Any CPU.Build.0 = Debug|Any CPU
		{24AEF130-B558-4372-8B5F-A448491656CC}.Release|Any CPU.ActiveCfg = Release|Any CPU
		{24AEF130-B558-4372-8B5F-A448491656CC}.Release|Any CPU.Build.0 = Release|Any CPU
		{F88AADFA-CF07-4DAB-A949-9758D81A405A}.Debug|Any CPU.ActiveCfg = Debug|Any CPU
		{F88AADFA-CF07-4DAB-A949-9758D81A405A}.Debug|Any CPU.Build.0 = Debug|Any CPU
		{F88AADFA-CF07-4DAB-A949-9758D81A405A}.Release|Any CPU.ActiveCfg = Release|Any CPU
		{F88AADFA-CF07-4DAB-A949-9758D81A405A}.Release|Any CPU.Build.0 = Release|Any CPU
		{00952F60-D8D8-4281-BF49-D9951DEB6B34}.Debug|Any CPU.ActiveCfg = Debug|Any CPU
		{00952F60-D8D8-4281-BF49-D9951DEB6B34}.Debug|Any CPU.Build.0 = Debug|Any CPU
		{00952F60-D8D8-4281-BF49-D9951DEB6B34}.Release|Any CPU.ActiveCfg = Release|Any CPU
		{00952F60-D8D8-4281-BF49-D9951DEB6B34}.Release|Any CPU.Build.0 = Release|Any CPU
		{DAC06B82-5267-434B-9442-A6A3D4161F9B}.Debug|Any CPU.ActiveCfg = Debug|Any CPU
		{DAC06B82-5267-434B-9442-A6A3D4161F9B}.Debug|Any CPU.Build.0 = Debug|Any CPU
		{DAC06B82-5267-434B-9442-A6A3D4161F9B}.Release|Any CPU.ActiveCfg = Release|Any CPU
		{DAC06B82-5267-434B-9442-A6A3D4161F9B}.Release|Any CPU.Build.0 = Release|Any CPU
		{823C3CDF-FCB5-4051-A3C5-8EB376B3F869}.Debug|Any CPU.ActiveCfg = Debug|Any CPU
		{823C3CDF-FCB5-4051-A3C5-8EB376B3F869}.Debug|Any CPU.Build.0 = Debug|Any CPU
		{823C3CDF-FCB5-4051-A3C5-8EB376B3F869}.Release|Any CPU.ActiveCfg = Release|Any CPU
		{823C3CDF-FCB5-4051-A3C5-8EB376B3F869}.Release|Any CPU.Build.0 = Release|Any CPU
		{8B231E79-A8C5-437A-AF66-F19C1D026CC4}.Debug|Any CPU.ActiveCfg = Debug|Any CPU
		{8B231E79-A8C5-437A-AF66-F19C1D026CC4}.Debug|Any CPU.Build.0 = Debug|Any CPU
		{8B231E79-A8C5-437A-AF66-F19C1D026CC4}.Release|Any CPU.ActiveCfg = Release|Any CPU
		{8B231E79-A8C5-437A-AF66-F19C1D026CC4}.Release|Any CPU.Build.0 = Release|Any CPU
		{6A57753B-875B-4314-8B99-9D5F4AFB2449}.Debug|Any CPU.ActiveCfg = Debug|Any CPU
		{6A57753B-875B-4314-8B99-9D5F4AFB2449}.Debug|Any CPU.Build.0 = Debug|Any CPU
		{6A57753B-875B-4314-8B99-9D5F4AFB2449}.Release|Any CPU.ActiveCfg = Release|Any CPU
		{6A57753B-875B-4314-8B99-9D5F4AFB2449}.Release|Any CPU.Build.0 = Release|Any CPU
		{F3EE6E0B-29DD-4644-9315-A39E51F392BA}.Debug|Any CPU.ActiveCfg = Debug|Any CPU
		{F3EE6E0B-29DD-4644-9315-A39E51F392BA}.Debug|Any CPU.Build.0 = Debug|Any CPU
		{F3EE6E0B-29DD-4644-9315-A39E51F392BA}.Release|Any CPU.ActiveCfg = Release|Any CPU
		{F3EE6E0B-29DD-4644-9315-A39E51F392BA}.Release|Any CPU.Build.0 = Release|Any CPU
		{33DEFFA0-DEBA-41B6-8654-9DA8A9DA78EE}.Debug|Any CPU.ActiveCfg = Debug|Any CPU
		{33DEFFA0-DEBA-41B6-8654-9DA8A9DA78EE}.Debug|Any CPU.Build.0 = Debug|Any CPU
		{33DEFFA0-DEBA-41B6-8654-9DA8A9DA78EE}.Release|Any CPU.ActiveCfg = Release|Any CPU
		{33DEFFA0-DEBA-41B6-8654-9DA8A9DA78EE}.Release|Any CPU.Build.0 = Release|Any CPU
		{C4ACF94E-3799-4923-AD18-28FA40F66BF3}.Debug|Any CPU.ActiveCfg = Debug|Any CPU
		{C4ACF94E-3799-4923-AD18-28FA40F66BF3}.Debug|Any CPU.Build.0 = Debug|Any CPU
		{C4ACF94E-3799-4923-AD18-28FA40F66BF3}.Release|Any CPU.ActiveCfg = Release|Any CPU
		{C4ACF94E-3799-4923-AD18-28FA40F66BF3}.Release|Any CPU.Build.0 = Release|Any CPU
		{0ADBB397-E48F-4F7B-9607-F54762F36C05}.Debug|Any CPU.ActiveCfg = Debug|Any CPU
		{0ADBB397-E48F-4F7B-9607-F54762F36C05}.Debug|Any CPU.Build.0 = Debug|Any CPU
		{0ADBB397-E48F-4F7B-9607-F54762F36C05}.Release|Any CPU.ActiveCfg = Release|Any CPU
		{0ADBB397-E48F-4F7B-9607-F54762F36C05}.Release|Any CPU.Build.0 = Release|Any CPU
		{B4CF443E-08FF-48F1-977B-C603233E294E}.Debug|Any CPU.ActiveCfg = Debug|Any CPU
		{B4CF443E-08FF-48F1-977B-C603233E294E}.Debug|Any CPU.Build.0 = Debug|Any CPU
		{B4CF443E-08FF-48F1-977B-C603233E294E}.Release|Any CPU.ActiveCfg = Release|Any CPU
		{B4CF443E-08FF-48F1-977B-C603233E294E}.Release|Any CPU.Build.0 = Release|Any CPU
		{F090408A-BFB7-4CE1-A20A-16A6712F3100}.Debug|Any CPU.ActiveCfg = Debug|Any CPU
		{F090408A-BFB7-4CE1-A20A-16A6712F3100}.Debug|Any CPU.Build.0 = Debug|Any CPU
		{F090408A-BFB7-4CE1-A20A-16A6712F3100}.Release|Any CPU.ActiveCfg = Release|Any CPU
		{F090408A-BFB7-4CE1-A20A-16A6712F3100}.Release|Any CPU.Build.0 = Release|Any CPU
		{CE078A3D-6862-4CCB-AF70-2353CAF09825}.Debug|Any CPU.ActiveCfg = Debug|Any CPU
		{CE078A3D-6862-4CCB-AF70-2353CAF09825}.Debug|Any CPU.Build.0 = Debug|Any CPU
		{CE078A3D-6862-4CCB-AF70-2353CAF09825}.Release|Any CPU.ActiveCfg = Release|Any CPU
		{CE078A3D-6862-4CCB-AF70-2353CAF09825}.Release|Any CPU.Build.0 = Release|Any CPU
		{4002FB4B-E577-4CEE-B075-5194676C2C87}.Debug|Any CPU.ActiveCfg = Debug|Any CPU
		{4002FB4B-E577-4CEE-B075-5194676C2C87}.Debug|Any CPU.Build.0 = Debug|Any CPU
		{4002FB4B-E577-4CEE-B075-5194676C2C87}.Release|Any CPU.ActiveCfg = Release|Any CPU
		{4002FB4B-E577-4CEE-B075-5194676C2C87}.Release|Any CPU.Build.0 = Release|Any CPU
		{A53CCDB5-0D07-4100-A14C-7A2856E2BA7A}.Debug|Any CPU.ActiveCfg = Debug|Any CPU
		{A53CCDB5-0D07-4100-A14C-7A2856E2BA7A}.Debug|Any CPU.Build.0 = Debug|Any CPU
		{A53CCDB5-0D07-4100-A14C-7A2856E2BA7A}.Release|Any CPU.ActiveCfg = Release|Any CPU
		{A53CCDB5-0D07-4100-A14C-7A2856E2BA7A}.Release|Any CPU.Build.0 = Release|Any CPU
		{075792C8-5A2E-4E3B-B20E-5C140E8CF121}.Debug|Any CPU.ActiveCfg = Debug|Any CPU
		{075792C8-5A2E-4E3B-B20E-5C140E8CF121}.Debug|Any CPU.Build.0 = Debug|Any CPU
		{075792C8-5A2E-4E3B-B20E-5C140E8CF121}.Release|Any CPU.ActiveCfg = Release|Any CPU
		{075792C8-5A2E-4E3B-B20E-5C140E8CF121}.Release|Any CPU.Build.0 = Release|Any CPU
	EndGlobalSection
	GlobalSection(SolutionProperties) = preSolution
		HideSolutionNode = FALSE
	EndGlobalSection
	GlobalSection(NestedProjects) = preSolution
		{5DAD712F-F7A8-442D-8B99-5055CA77BAD0} = {3F1D0AB5-A5F5-45F7-B7BC-A4F92EB5E45F}
		{72A1AB07-29B8-4946-83F8-5470479F56BC} = {3F1D0AB5-A5F5-45F7-B7BC-A4F92EB5E45F}
		{589C100E-A310-4A32-9034-4B77FF377A7F} = {72A1AB07-29B8-4946-83F8-5470479F56BC}
		{86FBFA50-40AA-428A-9661-8A150965CBC2} = {3F1D0AB5-A5F5-45F7-B7BC-A4F92EB5E45F}
		{9164F80D-30A2-4417-A2AF-DA907FA07B23} = {C1BD223C-4ED7-4FB9-9065-B576064883EE}
		{908C11F3-221E-428B-B412-DDE93B270316} = {86FBFA50-40AA-428A-9661-8A150965CBC2}
		{C1BD223C-4ED7-4FB9-9065-B576064883EE} = {3F1D0AB5-A5F5-45F7-B7BC-A4F92EB5E45F}
		{8A705B6D-03C7-4161-969C-CF54D829A270} = {3F1D0AB5-A5F5-45F7-B7BC-A4F92EB5E45F}
		{F170556D-4EEE-4623-A960-1E0363CD5AD9} = {8A705B6D-03C7-4161-969C-CF54D829A270}
		{CB4AF827-61A7-43F8-B297-376810751DF9} = {3F1D0AB5-A5F5-45F7-B7BC-A4F92EB5E45F}
		{6AACC50B-1599-4997-A351-2EAF61A99CD6} = {CB4AF827-61A7-43F8-B297-376810751DF9}
		{8A190F97-6C55-4C67-9B31-9BBD177A025C} = {3F1D0AB5-A5F5-45F7-B7BC-A4F92EB5E45F}
		{D07B4B8C-E850-4E24-93FB-DE3868D4AAAB} = {8A190F97-6C55-4C67-9B31-9BBD177A025C}
		{59E6F805-2E0B-468A-B6E2-9C001A986FBA} = {3F1D0AB5-A5F5-45F7-B7BC-A4F92EB5E45F}
		{C1BAC472-A9A3-4271-A8EE-A22A3472DECD} = {59E6F805-2E0B-468A-B6E2-9C001A986FBA}
		{2EABDB45-4894-4093-A759-B0DCD49FC1BD} = {7FE28255-0503-43F7-985A-81BCDF7D3DA4}
		{B9EF3528-38FA-48B7-A741-494AD8BF8277} = {2EABDB45-4894-4093-A759-B0DCD49FC1BD}
		{A59222F2-70C2-424F-B908-4F6E4583109B} = {7FE28255-0503-43F7-985A-81BCDF7D3DA4}
		{563462FA-0AE5-48BF-B836-DA00DD7F0332} = {A59222F2-70C2-424F-B908-4F6E4583109B}
		{DF9268C5-4573-4572-B4C0-334602F9A6BC} = {CBE45011-BF01-496B-A021-0AC35F4462DB}
		{134521AE-50BF-4E70-ACA2-6A4A654305D2} = {7FE28255-0503-43F7-985A-81BCDF7D3DA4}
		{D0F47648-E3F5-494E-B51D-B353926D70F6} = {134521AE-50BF-4E70-ACA2-6A4A654305D2}
		{F6D10466-5116-47FA-8673-81801969AE73} = {7FE28255-0503-43F7-985A-81BCDF7D3DA4}
		{60317133-50B6-495B-A132-840E810E0203} = {F6D10466-5116-47FA-8673-81801969AE73}
		{CBE45011-BF01-496B-A021-0AC35F4462DB} = {7FE28255-0503-43F7-985A-81BCDF7D3DA4}
		{3F83BCA7-B7DB-44B0-A20A-A75AFE69BFC4} = {7FE28255-0503-43F7-985A-81BCDF7D3DA4}
		{B7E744F4-DB00-4D52-8AB3-1D3308AF7760} = {3F83BCA7-B7DB-44B0-A20A-A75AFE69BFC4}
		{11800278-0529-4821-B056-D8975AAE7BF2} = {7FE28255-0503-43F7-985A-81BCDF7D3DA4}
		{65A29259-842A-4B64-8D6C-C38898C79AB2} = {11800278-0529-4821-B056-D8975AAE7BF2}
		{E109D2E7-82FA-436F-88CE-6E6B5DFB02A4} = {7FE28255-0503-43F7-985A-81BCDF7D3DA4}
		{24AEF130-B558-4372-8B5F-A448491656CC} = {E109D2E7-82FA-436F-88CE-6E6B5DFB02A4}
		{3D25C621-04CB-443E-9966-4340B24B2025} = {7FE28255-0503-43F7-985A-81BCDF7D3DA4}
		{F88AADFA-CF07-4DAB-A949-9758D81A405A} = {3D25C621-04CB-443E-9966-4340B24B2025}
		{6316A08A-EFB7-4CC9-8542-D8A7D2EC590B} = {7FE28255-0503-43F7-985A-81BCDF7D3DA4}
		{00952F60-D8D8-4281-BF49-D9951DEB6B34} = {6316A08A-EFB7-4CC9-8542-D8A7D2EC590B}
		{C4216E60-884F-4939-9F9C-53F29D970DB7} = {7FE28255-0503-43F7-985A-81BCDF7D3DA4}
		{DAC06B82-5267-434B-9442-A6A3D4161F9B} = {C4216E60-884F-4939-9F9C-53F29D970DB7}
		{823C3CDF-FCB5-4051-A3C5-8EB376B3F869} = {3B16C5F8-8635-4DDF-B5AD-7726F9BD6854}
		{3B16C5F8-8635-4DDF-B5AD-7726F9BD6854} = {7FE28255-0503-43F7-985A-81BCDF7D3DA4}
		{8B231E79-A8C5-437A-AF66-F19C1D026CC4} = {89EC6E0F-2167-4149-8582-BA5DEA54C689}
		{6A57753B-875B-4314-8B99-9D5F4AFB2449} = {89EC6E0F-2167-4149-8582-BA5DEA54C689}
		{89EC6E0F-2167-4149-8582-BA5DEA54C689} = {A6D30D42-7820-452E-8B50-47E27DB2D1DC}
		{C4DA1173-9AD6-4845-9FDE-35A5DB6AFD95} = {A6D30D42-7820-452E-8B50-47E27DB2D1DC}
		{F3EE6E0B-29DD-4644-9315-A39E51F392BA} = {C4DA1173-9AD6-4845-9FDE-35A5DB6AFD95}
		{2EE0D7DB-9F9F-4A00-ACC8-5F295EBFCDEE} = {A6D30D42-7820-452E-8B50-47E27DB2D1DC}
		{33DEFFA0-DEBA-41B6-8654-9DA8A9DA78EE} = {2EE0D7DB-9F9F-4A00-ACC8-5F295EBFCDEE}
		{EF2B0521-D500-4EBE-A1C5-99EE4D98C14E} = {A6D30D42-7820-452E-8B50-47E27DB2D1DC}
		{C4ACF94E-3799-4923-AD18-28FA40F66BF3} = {EF2B0521-D500-4EBE-A1C5-99EE4D98C14E}
		{1561B872-1E01-48AC-A5D3-5868C1032C06} = {A6D30D42-7820-452E-8B50-47E27DB2D1DC}
		{0ADBB397-E48F-4F7B-9607-F54762F36C05} = {1561B872-1E01-48AC-A5D3-5868C1032C06}
		{030C63AC-4F8B-43DB-953A-FC1D8DFE7EA3} = {A6D30D42-7820-452E-8B50-47E27DB2D1DC}
		{B4CF443E-08FF-48F1-977B-C603233E294E} = {030C63AC-4F8B-43DB-953A-FC1D8DFE7EA3}
		{D730E4CC-AE08-49E2-82D8-3512BE9264EB} = {A6D30D42-7820-452E-8B50-47E27DB2D1DC}
		{F090408A-BFB7-4CE1-A20A-16A6712F3100} = {D730E4CC-AE08-49E2-82D8-3512BE9264EB}
		{A7E9439D-4A1E-4A80-8B2D-B3B92E056B0D} = {A6D30D42-7820-452E-8B50-47E27DB2D1DC}
		{CE078A3D-6862-4CCB-AF70-2353CAF09825} = {A7E9439D-4A1E-4A80-8B2D-B3B92E056B0D}
		{3A8833F4-A2DA-4A09-8193-47B4E6A685A0} = {A6D30D42-7820-452E-8B50-47E27DB2D1DC}
		{4002FB4B-E577-4CEE-B075-5194676C2C87} = {3A8833F4-A2DA-4A09-8193-47B4E6A685A0}
		{4442A57C-F159-4545-9B00-E84750211256} = {A6D30D42-7820-452E-8B50-47E27DB2D1DC}
		{A53CCDB5-0D07-4100-A14C-7A2856E2BA7A} = {4442A57C-F159-4545-9B00-E84750211256}
		{F33255F1-CBF9-4A4F-9CE4-CDF7195E542A} = {A6D30D42-7820-452E-8B50-47E27DB2D1DC}
		{075792C8-5A2E-4E3B-B20E-5C140E8CF121} = {F33255F1-CBF9-4A4F-9CE4-CDF7195E542A}
		{7523F826-70D6-48D6-918D-A92C8F04481B} = {A6D30D42-7820-452E-8B50-47E27DB2D1DC}
	EndGlobalSection
	GlobalSection(ExtensibilityGlobals) = postSolution
		SolutionGuid = {391644C7-7BA7-4B37-957C-2CC9E53DAEDF}
	EndGlobalSection
EndGlobal
